// !$*UTF8*$!
{
	archiveVersion = 1;
	classes = {
	};
	objectVersion = 46;
	objects = {

/* Begin PBXBuildFile section */
		821D16C5168DA463ADCD2635 /* libPods-HbFM.a in Frameworks */ = {isa = PBXBuildFile; fileRef = AC7619D62D0C57BD7A0A486F /* libPods-HbFM.a */; };
		A411BC9A1F00AB0F00EF099A /* icon_radio_hide@2x.png in Resources */ = {isa = PBXBuildFile; fileRef = A411BC961F00AB0F00EF099A /* icon_radio_hide@2x.png */; };
		A411BC9B1F00AB0F00EF099A /* icon_radio_hide@3x.png in Resources */ = {isa = PBXBuildFile; fileRef = A411BC971F00AB0F00EF099A /* icon_radio_hide@3x.png */; };
		A411BC9C1F00AB0F00EF099A /* icon_radio_show@2x.png in Resources */ = {isa = PBXBuildFile; fileRef = A411BC981F00AB0F00EF099A /* icon_radio_show@2x.png */; };
		A411BC9D1F00AB0F00EF099A /* icon_radio_show@3x.png in Resources */ = {isa = PBXBuildFile; fileRef = A411BC991F00AB0F00EF099A /* icon_radio_show@3x.png */; };
		A411BD211F00F2F600EF099A /* album_tracks@2x.png in Resources */ = {isa = PBXBuildFile; fileRef = A411BD181F00F2F600EF099A /* album_tracks@2x.png */; };
		A411BD221F00F2F600EF099A /* album_tracks@3x.png in Resources */ = {isa = PBXBuildFile; fileRef = A411BD191F00F2F600EF099A /* album_tracks@3x.png */; };
		A411BD231F00F2F600EF099A /* albumtag_pay@2x.png in Resources */ = {isa = PBXBuildFile; fileRef = A411BD1A1F00F2F600EF099A /* albumtag_pay@2x.png */; };
		A411BD241F00F2F600EF099A /* albumtag_pay@3x.png in Resources */ = {isa = PBXBuildFile; fileRef = A411BD1B1F00F2F600EF099A /* albumtag_pay@3x.png */; };
		A411BD251F00F2F600EF099A /* cell_arrow_all@2x.png in Resources */ = {isa = PBXBuildFile; fileRef = A411BD1C1F00F2F600EF099A /* cell_arrow_all@2x.png */; };
		A411BD261F00F2F600EF099A /* find_specialicon@2x.png in Resources */ = {isa = PBXBuildFile; fileRef = A411BD1D1F00F2F600EF099A /* find_specialicon@2x.png */; };
		A411BD271F00F2F600EF099A /* find_specialicon@3x.png in Resources */ = {isa = PBXBuildFile; fileRef = A411BD1E1F00F2F600EF099A /* find_specialicon@3x.png */; };
		A411BD281F00F2F600EF099A /* liveRadioCellPoint@2x.png in Resources */ = {isa = PBXBuildFile; fileRef = A411BD1F1F00F2F600EF099A /* liveRadioCellPoint@2x.png */; };
		A411BD291F00F2F600EF099A /* liveRadioCellPoint@3x.png in Resources */ = {isa = PBXBuildFile; fileRef = A411BD201F00F2F600EF099A /* liveRadioCellPoint@3x.png */; };
		A411CE791F0350BF00336A52 /* AdPicView.m in Sources */ = {isa = PBXBuildFile; fileRef = A411CDF31F0350BF00336A52 /* AdPicView.m */; };
		A411CE7A1F0350BF00336A52 /* AdPicModel.m in Sources */ = {isa = PBXBuildFile; fileRef = A411CDF71F0350BF00336A52 /* AdPicModel.m */; };
		A411CE7B1F0350BF00336A52 /* ClassItemModel.m in Sources */ = {isa = PBXBuildFile; fileRef = A411CDF91F0350BF00336A52 /* ClassItemModel.m */; };
		A411CE7C1F0350BF00336A52 /* FocusImageModel.m in Sources */ = {isa = PBXBuildFile; fileRef = A411CDFB1F0350BF00336A52 /* FocusImageModel.m */; };
		A411CE7D1F0350BF00336A52 /* LiveModel.m in Sources */ = {isa = PBXBuildFile; fileRef = A411CDFD1F0350BF00336A52 /* LiveModel.m */; };
		A411CE7E1F0350BF00336A52 /* MenueModel.m in Sources */ = {isa = PBXBuildFile; fileRef = A411CDFF1F0350BF00336A52 /* MenueModel.m */; };
		A411CE7F1F0350BF00336A52 /* TuiguangModel.m in Sources */ = {isa = PBXBuildFile; fileRef = A411CE011F0350BF00336A52 /* TuiguangModel.m */; };
		A411CE801F0350BF00336A52 /* MenueView.m in Sources */ = {isa = PBXBuildFile; fileRef = A411CE051F0350BF00336A52 /* MenueView.m */; };
		A411CE811F0350BF00336A52 /* UpDownBtn.m in Sources */ = {isa = PBXBuildFile; fileRef = A411CE071F0350BF00336A52 /* UpDownBtn.m */; };
		A411CE821F0350BF00336A52 /* MenueBarShowDetailCVC.m in Sources */ = {isa = PBXBuildFile; fileRef = A411CE0A1F0350BF00336A52 /* MenueBarShowDetailCVC.m */; };
		A411CE831F0350BF00336A52 /* MenueCell.m in Sources */ = {isa = PBXBuildFile; fileRef = A411CE0C1F0350BF00336A52 /* MenueCell.m */; };
		A411CE841F0350BF00336A52 /* MenueCell.xib in Resources */ = {isa = PBXBuildFile; fileRef = A411CE0D1F0350BF00336A52 /* MenueCell.xib */; };
		A411CE851F0350BF00336A52 /* NSString+SegmentModelProtocol.m in Sources */ = {isa = PBXBuildFile; fileRef = A411CE0F1F0350BF00336A52 /* NSString+SegmentModelProtocol.m */; };
		A411CE861F0350BF00336A52 /* SegmentBar.m in Sources */ = {isa = PBXBuildFile; fileRef = A411CE111F0350BF00336A52 /* SegmentBar.m */; };
		A411CE871F0350BF00336A52 /* SegmentConfig.m in Sources */ = {isa = PBXBuildFile; fileRef = A411CE131F0350BF00336A52 /* SegmentConfig.m */; };
		A411CE881F0350BF00336A52 /* SegmentRightLeftBtn.m in Sources */ = {isa = PBXBuildFile; fileRef = A411CE161F0350BF00336A52 /* SegmentRightLeftBtn.m */; };
		A411CE891F0350BF00336A52 /* HomeVC.m in Sources */ = {isa = PBXBuildFile; fileRef = A411CE201F0350BF00336A52 /* HomeVC.m */; };
		A411CE8A1F0350BF00336A52 /* HomeDataTool.m in Sources */ = {isa = PBXBuildFile; fileRef = A411CE231F0350BF00336A52 /* HomeDataTool.m */; };
		A411CE8B1F0350BF00336A52 /* HomeTabModel.m in Sources */ = {isa = PBXBuildFile; fileRef = A411CE261F0350BF00336A52 /* HomeTabModel.m */; };
		A411CE8C1F0350BF00336A52 /* HomeModuleAPI.m in Sources */ = {isa = PBXBuildFile; fileRef = A411CE291F0350BF00336A52 /* HomeModuleAPI.m */; };
		A411CE8D1F0350BF00336A52 /* FJRTableBlankSectionViewContext.m in Sources */ = {isa = PBXBuildFile; fileRef = A411CE2F1F0350BF00336A52 /* FJRTableBlankSectionViewContext.m */; };
		A411CE8E1F0350BF00336A52 /* FJRTableRow.m in Sources */ = {isa = PBXBuildFile; fileRef = A411CE311F0350BF00336A52 /* FJRTableRow.m */; };
		A411CE8F1F0350BF00336A52 /* FJRTableSection.m in Sources */ = {isa = PBXBuildFile; fileRef = A411CE331F0350BF00336A52 /* FJRTableSection.m */; };
		A411CE901F0350BF00336A52 /* FJRTableStaticCellContext.m in Sources */ = {isa = PBXBuildFile; fileRef = A411CE351F0350BF00336A52 /* FJRTableStaticCellContext.m */; };
		A411CE911F0350BF00336A52 /* FJRTableViewManager.m in Sources */ = {isa = PBXBuildFile; fileRef = A411CE371F0350BF00336A52 /* FJRTableViewManager.m */; };
		A411CE921F0350BF00336A52 /* UITableView+FJRTableViewManager.m in Sources */ = {isa = PBXBuildFile; fileRef = A411CE3A1F0350BF00336A52 /* UITableView+FJRTableViewManager.m */; };
		A411CE931F0350BF00336A52 /* ClassificationTVC.m in Sources */ = {isa = PBXBuildFile; fileRef = A411CE401F0350BF00336A52 /* ClassificationTVC.m */; };
		A411CE941F0350BF00336A52 /* ClassificationDataTool.m in Sources */ = {isa = PBXBuildFile; fileRef = A411CE431F0350BF00336A52 /* ClassificationDataTool.m */; };
		A411CE951F0350BF00336A52 /* ClassCellBtn.m in Sources */ = {isa = PBXBuildFile; fileRef = A411CE471F0350BF00336A52 /* ClassCellBtn.m */; };
		A411CE961F0350BF00336A52 /* ClassItemCell.m in Sources */ = {isa = PBXBuildFile; fileRef = A411CE491F0350BF00336A52 /* ClassItemCell.m */; };
		A411CE971F0350BF00336A52 /* ClassItemCell.xib in Resources */ = {isa = PBXBuildFile; fileRef = A411CE4A1F0350BF00336A52 /* ClassItemCell.xib */; };
		A411CE981F0350BF00336A52 /* RecommendMoreTVC.m in Sources */ = {isa = PBXBuildFile; fileRef = A411CE531F0350BF00336A52 /* RecommendMoreTVC.m */; };
		A411CE991F0350BF00336A52 /* RecommendTVC.m in Sources */ = {isa = PBXBuildFile; fileRef = A411CE551F0350BF00336A52 /* RecommendTVC.m */; };
		A411CE9A1F0350BF00336A52 /* RecommendDataTool.m in Sources */ = {isa = PBXBuildFile; fileRef = A411CE581F0350BF00336A52 /* RecommendDataTool.m */; };
		A411CE9B1F0350BF00336A52 /* GroupModel.m in Sources */ = {isa = PBXBuildFile; fileRef = A411CE5B1F0350BF00336A52 /* GroupModel.m */; };
		A411CE9C1F0350BF00336A52 /* ItemInCellModel.m in Sources */ = {isa = PBXBuildFile; fileRef = A411CE5D1F0350BF00336A52 /* ItemInCellModel.m */; };
		A411CE9D1F0350BF00336A52 /* NominateEditorModel.m in Sources */ = {isa = PBXBuildFile; fileRef = A411CE5F1F0350BF00336A52 /* NominateEditorModel.m */; };
		A411CE9E1F0350BF00336A52 /* SpecialColumnModel.m in Sources */ = {isa = PBXBuildFile; fileRef = A411CE611F0350BF00336A52 /* SpecialColumnModel.m */; };
		A411CE9F1F0350BF00336A52 /* HomeRecommendAPI.m in Sources */ = {isa = PBXBuildFile; fileRef = A411CE641F0350BF00336A52 /* HomeRecommendAPI.m */; };
		A411CEA01F0350BF00336A52 /* AdPicTextCell.m in Sources */ = {isa = PBXBuildFile; fileRef = A411CE681F0350BF00336A52 /* AdPicTextCell.m */; };
		A411CEA11F0350BF00336A52 /* AdPicTextCell.xib in Resources */ = {isa = PBXBuildFile; fileRef = A411CE691F0350BF00336A52 /* AdPicTextCell.xib */; };
		A411CEA21F0350BF00336A52 /* CellInCell.m in Sources */ = {isa = PBXBuildFile; fileRef = A411CE6B1F0350BF00336A52 /* CellInCell.m */; };
		A411CEA31F0350BF00336A52 /* CellInCell.xib in Resources */ = {isa = PBXBuildFile; fileRef = A411CE6C1F0350BF00336A52 /* CellInCell.xib */; };
		A411CEA41F0350BF00336A52 /* ItemCell.m in Sources */ = {isa = PBXBuildFile; fileRef = A411CE6E1F0350BF00336A52 /* ItemCell.m */; };
		A411CEA51F0350BF00336A52 /* ItemCell.xib in Resources */ = {isa = PBXBuildFile; fileRef = A411CE6F1F0350BF00336A52 /* ItemCell.xib */; };
		A411CEA61F0350BF00336A52 /* NominateEditorCell.m in Sources */ = {isa = PBXBuildFile; fileRef = A411CE711F0350BF00336A52 /* NominateEditorCell.m */; };
		A411CEA71F0350BF00336A52 /* NominateEditorCell.xib in Resources */ = {isa = PBXBuildFile; fileRef = A411CE721F0350BF00336A52 /* NominateEditorCell.xib */; };
		A411CEA81F0350BF00336A52 /* RecommendCell.m in Sources */ = {isa = PBXBuildFile; fileRef = A411CE741F0350BF00336A52 /* RecommendCell.m */; };
		A411CEA91F0350BF00336A52 /* RecommendCell.xib in Resources */ = {isa = PBXBuildFile; fileRef = A411CE751F0350BF00336A52 /* RecommendCell.xib */; };
		A411CEAA1F0350BF00336A52 /* SpecialColumnCell.m in Sources */ = {isa = PBXBuildFile; fileRef = A411CE771F0350BF00336A52 /* SpecialColumnCell.m */; };
		A411CEAB1F0350BF00336A52 /* SpecialColumnCell.xib in Resources */ = {isa = PBXBuildFile; fileRef = A411CE781F0350BF00336A52 /* SpecialColumnCell.xib */; };
		A411CEAF1F03532100336A52 /* FileTool.m in Sources */ = {isa = PBXBuildFile; fileRef = A411CEAE1F03532100336A52 /* FileTool.m */; };
		A411CEB21F035BB100336A52 /* DownLoader.m in Sources */ = {isa = PBXBuildFile; fileRef = A411CEB11F035BB100336A52 /* DownLoader.m */; };
		A411CEB51F037EDE00336A52 /* DownLoadManager.m in Sources */ = {isa = PBXBuildFile; fileRef = A411CEB41F037EDE00336A52 /* DownLoadManager.m */; };
		A412D3231EFB52EF00F7B8FD /* main.m in Sources */ = {isa = PBXBuildFile; fileRef = A412D3221EFB52EF00F7B8FD /* main.m */; };
		A412D3261EFB52EF00F7B8FD /* AppDelegate.m in Sources */ = {isa = PBXBuildFile; fileRef = A412D3251EFB52EF00F7B8FD /* AppDelegate.m */; };
		A412D3291EFB52EF00F7B8FD /* ViewController.m in Sources */ = {isa = PBXBuildFile; fileRef = A412D3281EFB52EF00F7B8FD /* ViewController.m */; };
		A412D32C1EFB52EF00F7B8FD /* Main.storyboard in Resources */ = {isa = PBXBuildFile; fileRef = A412D32A1EFB52EF00F7B8FD /* Main.storyboard */; };
		A412D32E1EFB52EF00F7B8FD /* Assets.xcassets in Resources */ = {isa = PBXBuildFile; fileRef = A412D32D1EFB52EF00F7B8FD /* Assets.xcassets */; };
		A412D3311EFB52EF00F7B8FD /* LaunchScreen.storyboard in Resources */ = {isa = PBXBuildFile; fileRef = A412D32F1EFB52EF00F7B8FD /* LaunchScreen.storyboard */; };
		A412D33C1EFB52EF00F7B8FD /* HbFMTests.m in Sources */ = {isa = PBXBuildFile; fileRef = A412D33B1EFB52EF00F7B8FD /* HbFMTests.m */; };
		A412D3471EFB52F000F7B8FD /* HbFMUITests.m in Sources */ = {isa = PBXBuildFile; fileRef = A412D3461EFB52F000F7B8FD /* HbFMUITests.m */; };
		A412D35E1EFB75C600F7B8FD /* FMConst.m in Sources */ = {isa = PBXBuildFile; fileRef = A412D35D1EFB75C600F7B8FD /* FMConst.m */; };
		A412D3611EFB77EA00F7B8FD /* CALayer+PauseAimate.m in Sources */ = {isa = PBXBuildFile; fileRef = A412D3601EFB77EA00F7B8FD /* CALayer+PauseAimate.m */; };
		A412D3641EFB969800F7B8FD /* NSArray+FMPartition.m in Sources */ = {isa = PBXBuildFile; fileRef = A412D3631EFB969800F7B8FD /* NSArray+FMPartition.m */; };
		A412D3671EFB974E00F7B8FD /* NSObject+FMBundle.m in Sources */ = {isa = PBXBuildFile; fileRef = A412D3661EFB974E00F7B8FD /* NSObject+FMBundle.m */; };
		A412D36A1EFB97B500F7B8FD /* UIImage+FMImage.m in Sources */ = {isa = PBXBuildFile; fileRef = A412D3691EFB97B500F7B8FD /* UIImage+FMImage.m */; };
		A412D36D1EFB981A00F7B8FD /* UIView+FMLayout.m in Sources */ = {isa = PBXBuildFile; fileRef = A412D36C1EFB981A00F7B8FD /* UIView+FMLayout.m */; };
		A412D3701EFB986D00F7B8FD /* UIView+FMNib.m in Sources */ = {isa = PBXBuildFile; fileRef = A412D36F1EFB986D00F7B8FD /* UIView+FMNib.m */; };
		A412D3731EFB994300F7B8FD /* UIImageView+FMExtension.m in Sources */ = {isa = PBXBuildFile; fileRef = A412D3721EFB994300F7B8FD /* UIImageView+FMExtension.m */; };
		A412D3761EFB9D5000F7B8FD /* FMSessionManager.m in Sources */ = {isa = PBXBuildFile; fileRef = A412D3751EFB9D5000F7B8FD /* FMSessionManager.m */; };
		A412D3791EFB9EBA00F7B8FD /* FMAlertTool.m in Sources */ = {isa = PBXBuildFile; fileRef = A412D3781EFB9EBA00F7B8FD /* FMAlertTool.m */; };
		A412D37D1EFBA1CB00F7B8FD /* FMCacheTool.m in Sources */ = {isa = PBXBuildFile; fileRef = A412D37C1EFBA1CB00F7B8FD /* FMCacheTool.m */; };
		A412D3801EFBA22400F7B8FD /* FMDeviceMessage.m in Sources */ = {isa = PBXBuildFile; fileRef = A412D37F1EFBA22400F7B8FD /* FMDeviceMessage.m */; };
		A412D3831EFBA27A00F7B8FD /* FMNoticeLocal.m in Sources */ = {isa = PBXBuildFile; fileRef = A412D3821EFBA27A00F7B8FD /* FMNoticeLocal.m */; };
		A412D39B1EFBA6B400F7B8FD /* header_default@2x.png in Resources */ = {isa = PBXBuildFile; fileRef = A412D38D1EFBA6B400F7B8FD /* header_default@2x.png */; };
		A412D39C1EFBA6B400F7B8FD /* tabbar_bg@2x.png in Resources */ = {isa = PBXBuildFile; fileRef = A412D38E1EFBA6B400F7B8FD /* tabbar_bg@2x.png */; };
		A412D39D1EFBA6B400F7B8FD /* tabbar_bg@3x.png in Resources */ = {isa = PBXBuildFile; fileRef = A412D38F1EFBA6B400F7B8FD /* tabbar_bg@3x.png */; };
		A412D39E1EFBA6B400F7B8FD /* tabbar_np_loop@2x.png in Resources */ = {isa = PBXBuildFile; fileRef = A412D3901EFBA6B400F7B8FD /* tabbar_np_loop@2x.png */; };
		A412D39F1EFBA6B400F7B8FD /* tabbar_np_loop@3x.png in Resources */ = {isa = PBXBuildFile; fileRef = A412D3911EFBA6B400F7B8FD /* tabbar_np_loop@3x.png */; };
		A412D3A01EFBA6B400F7B8FD /* tabbar_np_normal@2x.png in Resources */ = {isa = PBXBuildFile; fileRef = A412D3921EFBA6B400F7B8FD /* tabbar_np_normal@2x.png */; };
		A412D3A11EFBA6B400F7B8FD /* tabbar_np_normal@3x.png in Resources */ = {isa = PBXBuildFile; fileRef = A412D3931EFBA6B400F7B8FD /* tabbar_np_normal@3x.png */; };
		A412D3A21EFBA6B400F7B8FD /* tabbar_np_play@2x.png in Resources */ = {isa = PBXBuildFile; fileRef = A412D3941EFBA6B400F7B8FD /* tabbar_np_play@2x.png */; };
		A412D3A31EFBA6B400F7B8FD /* tabbar_np_play@3x.png in Resources */ = {isa = PBXBuildFile; fileRef = A412D3951EFBA6B400F7B8FD /* tabbar_np_play@3x.png */; };
		A412D3A41EFBA6B400F7B8FD /* tabbar_np_playshadow@2x.png in Resources */ = {isa = PBXBuildFile; fileRef = A412D3961EFBA6B400F7B8FD /* tabbar_np_playshadow@2x.png */; };
		A412D3A51EFBA6B400F7B8FD /* tabbar_np_playshadow@3x.png in Resources */ = {isa = PBXBuildFile; fileRef = A412D3971EFBA6B400F7B8FD /* tabbar_np_playshadow@3x.png */; };
		A412D3A61EFBA6B400F7B8FD /* tabbar_np_shadow@2x.png in Resources */ = {isa = PBXBuildFile; fileRef = A412D3981EFBA6B400F7B8FD /* tabbar_np_shadow@2x.png */; };
		A412D3A71EFBA6B400F7B8FD /* tabbar_np_shadow@3x.png in Resources */ = {isa = PBXBuildFile; fileRef = A412D3991EFBA6B400F7B8FD /* tabbar_np_shadow@3x.png */; };
		A412D3A81EFBA6B400F7B8FD /* zxy_icon@2x.jpg in Resources */ = {isa = PBXBuildFile; fileRef = A412D39A1EFBA6B400F7B8FD /* zxy_icon@2x.jpg */; };
		A412D3B01EFBA76700F7B8FD /* FMNavigationController.m in Sources */ = {isa = PBXBuildFile; fileRef = A412D3AB1EFBA76700F7B8FD /* FMNavigationController.m */; };
		A412D3B11EFBA76700F7B8FD /* FMNavBar.m in Sources */ = {isa = PBXBuildFile; fileRef = A412D3AF1EFBA76700F7B8FD /* FMNavBar.m */; };
		A412D3B51EFBA7A200F7B8FD /* FMMiddleView.m in Sources */ = {isa = PBXBuildFile; fileRef = A412D3B31EFBA7A200F7B8FD /* FMMiddleView.m */; };
		A412D3B61EFBA7A200F7B8FD /* FMMiddleView.xib in Resources */ = {isa = PBXBuildFile; fileRef = A412D3B41EFBA7A200F7B8FD /* FMMiddleView.xib */; };
		A412D3B91EFBA8A600F7B8FD /* FMTabBarController.m in Sources */ = {isa = PBXBuildFile; fileRef = A412D3B81EFBA8A600F7B8FD /* FMTabBarController.m */; };
		A412D3BC1EFBA94700F7B8FD /* FMTabBar.m in Sources */ = {isa = PBXBuildFile; fileRef = A412D3BB1EFBA94700F7B8FD /* FMTabBar.m */; };
		A412D3BF1EFBAC3900F7B8FD /* MainModuleAPI.m in Sources */ = {isa = PBXBuildFile; fileRef = A412D3BE1EFBAC3900F7B8FD /* MainModuleAPI.m */; };
/* End PBXBuildFile section */

/* Begin PBXContainerItemProxy section */
		A412D3381EFB52EF00F7B8FD /* PBXContainerItemProxy */ = {
			isa = PBXContainerItemProxy;
			containerPortal = A412D3161EFB52EF00F7B8FD /* Project object */;
			proxyType = 1;
			remoteGlobalIDString = A412D31D1EFB52EF00F7B8FD;
			remoteInfo = HbFM;
		};
		A412D3431EFB52F000F7B8FD /* PBXContainerItemProxy */ = {
			isa = PBXContainerItemProxy;
			containerPortal = A412D3161EFB52EF00F7B8FD /* Project object */;
			proxyType = 1;
			remoteGlobalIDString = A412D31D1EFB52EF00F7B8FD;
			remoteInfo = HbFM;
		};
/* End PBXContainerItemProxy section */

/* Begin PBXFileReference section */
		20F006F694A83A50D32E4D03 /* Pods-HbFM.debug.xcconfig */ = {isa = PBXFileReference; includeInIndex = 1; lastKnownFileType = text.xcconfig; name = "Pods-HbFM.debug.xcconfig"; path = "Pods/Target Support Files/Pods-HbFM/Pods-HbFM.debug.xcconfig"; sourceTree = "<group>"; };
		A411BC961F00AB0F00EF099A /* icon_radio_hide@2x.png */ = {isa = PBXFileReference; lastKnownFileType = image.png; path = "icon_radio_hide@2x.png"; sourceTree = "<group>"; };
		A411BC971F00AB0F00EF099A /* icon_radio_hide@3x.png */ = {isa = PBXFileReference; lastKnownFileType = image.png; path = "icon_radio_hide@3x.png"; sourceTree = "<group>"; };
		A411BC981F00AB0F00EF099A /* icon_radio_show@2x.png */ = {isa = PBXFileReference; lastKnownFileType = image.png; path = "icon_radio_show@2x.png"; sourceTree = "<group>"; };
		A411BC991F00AB0F00EF099A /* icon_radio_show@3x.png */ = {isa = PBXFileReference; lastKnownFileType = image.png; path = "icon_radio_show@3x.png"; sourceTree = "<group>"; };
		A411BD181F00F2F600EF099A /* album_tracks@2x.png */ = {isa = PBXFileReference; lastKnownFileType = image.png; path = "album_tracks@2x.png"; sourceTree = "<group>"; };
		A411BD191F00F2F600EF099A /* album_tracks@3x.png */ = {isa = PBXFileReference; lastKnownFileType = image.png; path = "album_tracks@3x.png"; sourceTree = "<group>"; };
		A411BD1A1F00F2F600EF099A /* albumtag_pay@2x.png */ = {isa = PBXFileReference; lastKnownFileType = image.png; path = "albumtag_pay@2x.png"; sourceTree = "<group>"; };
		A411BD1B1F00F2F600EF099A /* albumtag_pay@3x.png */ = {isa = PBXFileReference; lastKnownFileType = image.png; path = "albumtag_pay@3x.png"; sourceTree = "<group>"; };
		A411BD1C1F00F2F600EF099A /* cell_arrow_all@2x.png */ = {isa = PBXFileReference; lastKnownFileType = image.png; path = "cell_arrow_all@2x.png"; sourceTree = "<group>"; };
		A411BD1D1F00F2F600EF099A /* find_specialicon@2x.png */ = {isa = PBXFileReference; lastKnownFileType = image.png; path = "find_specialicon@2x.png"; sourceTree = "<group>"; };
		A411BD1E1F00F2F600EF099A /* find_specialicon@3x.png */ = {isa = PBXFileReference; lastKnownFileType = image.png; path = "find_specialicon@3x.png"; sourceTree = "<group>"; };
		A411BD1F1F00F2F600EF099A /* liveRadioCellPoint@2x.png */ = {isa = PBXFileReference; lastKnownFileType = image.png; path = "liveRadioCellPoint@2x.png"; sourceTree = "<group>"; };
		A411BD201F00F2F600EF099A /* liveRadioCellPoint@3x.png */ = {isa = PBXFileReference; lastKnownFileType = image.png; path = "liveRadioCellPoint@3x.png"; sourceTree = "<group>"; };
		A411CDF11F0350BF00336A52 /* AdPicProtocol.h */ = {isa = PBXFileReference; fileEncoding = 4; lastKnownFileType = sourcecode.c.h; path = AdPicProtocol.h; sourceTree = "<group>"; };
		A411CDF21F0350BF00336A52 /* AdPicView.h */ = {isa = PBXFileReference; fileEncoding = 4; lastKnownFileType = sourcecode.c.h; path = AdPicView.h; sourceTree = "<group>"; };
		A411CDF31F0350BF00336A52 /* AdPicView.m */ = {isa = PBXFileReference; fileEncoding = 4; lastKnownFileType = sourcecode.c.objc; path = AdPicView.m; sourceTree = "<group>"; };
		A411CDF61F0350BF00336A52 /* AdPicModel.h */ = {isa = PBXFileReference; fileEncoding = 4; lastKnownFileType = sourcecode.c.h; path = AdPicModel.h; sourceTree = "<group>"; };
		A411CDF71F0350BF00336A52 /* AdPicModel.m */ = {isa = PBXFileReference; fileEncoding = 4; lastKnownFileType = sourcecode.c.objc; path = AdPicModel.m; sourceTree = "<group>"; };
		A411CDF81F0350BF00336A52 /* ClassItemModel.h */ = {isa = PBXFileReference; fileEncoding = 4; lastKnownFileType = sourcecode.c.h; path = ClassItemModel.h; sourceTree = "<group>"; };
		A411CDF91F0350BF00336A52 /* ClassItemModel.m */ = {isa = PBXFileReference; fileEncoding = 4; lastKnownFileType = sourcecode.c.objc; path = ClassItemModel.m; sourceTree = "<group>"; };
		A411CDFA1F0350BF00336A52 /* FocusImageModel.h */ = {isa = PBXFileReference; fileEncoding = 4; lastKnownFileType = sourcecode.c.h; path = FocusImageModel.h; sourceTree = "<group>"; };
		A411CDFB1F0350BF00336A52 /* FocusImageModel.m */ = {isa = PBXFileReference; fileEncoding = 4; lastKnownFileType = sourcecode.c.objc; path = FocusImageModel.m; sourceTree = "<group>"; };
		A411CDFC1F0350BF00336A52 /* LiveModel.h */ = {isa = PBXFileReference; fileEncoding = 4; lastKnownFileType = sourcecode.c.h; path = LiveModel.h; sourceTree = "<group>"; };
		A411CDFD1F0350BF00336A52 /* LiveModel.m */ = {isa = PBXFileReference; fileEncoding = 4; lastKnownFileType = sourcecode.c.objc; path = LiveModel.m; sourceTree = "<group>"; };
		A411CDFE1F0350BF00336A52 /* MenueModel.h */ = {isa = PBXFileReference; fileEncoding = 4; lastKnownFileType = sourcecode.c.h; path = MenueModel.h; sourceTree = "<group>"; };
		A411CDFF1F0350BF00336A52 /* MenueModel.m */ = {isa = PBXFileReference; fileEncoding = 4; lastKnownFileType = sourcecode.c.objc; path = MenueModel.m; sourceTree = "<group>"; };
		A411CE001F0350BF00336A52 /* TuiguangModel.h */ = {isa = PBXFileReference; fileEncoding = 4; lastKnownFileType = sourcecode.c.h; path = TuiguangModel.h; sourceTree = "<group>"; };
		A411CE011F0350BF00336A52 /* TuiguangModel.m */ = {isa = PBXFileReference; fileEncoding = 4; lastKnownFileType = sourcecode.c.objc; path = TuiguangModel.m; sourceTree = "<group>"; };
		A411CE031F0350BF00336A52 /* MenueModelProtocol.h */ = {isa = PBXFileReference; fileEncoding = 4; lastKnownFileType = sourcecode.c.h; path = MenueModelProtocol.h; sourceTree = "<group>"; };
		A411CE041F0350BF00336A52 /* MenueView.h */ = {isa = PBXFileReference; fileEncoding = 4; lastKnownFileType = sourcecode.c.h; path = MenueView.h; sourceTree = "<group>"; };
		A411CE051F0350BF00336A52 /* MenueView.m */ = {isa = PBXFileReference; fileEncoding = 4; lastKnownFileType = sourcecode.c.objc; path = MenueView.m; sourceTree = "<group>"; };
		A411CE061F0350BF00336A52 /* UpDownBtn.h */ = {isa = PBXFileReference; fileEncoding = 4; lastKnownFileType = sourcecode.c.h; path = UpDownBtn.h; sourceTree = "<group>"; };
		A411CE071F0350BF00336A52 /* UpDownBtn.m */ = {isa = PBXFileReference; fileEncoding = 4; lastKnownFileType = sourcecode.c.objc; path = UpDownBtn.m; sourceTree = "<group>"; };
		A411CE091F0350BF00336A52 /* MenueBarShowDetailCVC.h */ = {isa = PBXFileReference; fileEncoding = 4; lastKnownFileType = sourcecode.c.h; path = MenueBarShowDetailCVC.h; sourceTree = "<group>"; };
		A411CE0A1F0350BF00336A52 /* MenueBarShowDetailCVC.m */ = {isa = PBXFileReference; fileEncoding = 4; lastKnownFileType = sourcecode.c.objc; path = MenueBarShowDetailCVC.m; sourceTree = "<group>"; };
		A411CE0B1F0350BF00336A52 /* MenueCell.h */ = {isa = PBXFileReference; fileEncoding = 4; lastKnownFileType = sourcecode.c.h; path = MenueCell.h; sourceTree = "<group>"; };
		A411CE0C1F0350BF00336A52 /* MenueCell.m */ = {isa = PBXFileReference; fileEncoding = 4; lastKnownFileType = sourcecode.c.objc; path = MenueCell.m; sourceTree = "<group>"; };
		A411CE0D1F0350BF00336A52 /* MenueCell.xib */ = {isa = PBXFileReference; fileEncoding = 4; lastKnownFileType = file.xib; path = MenueCell.xib; sourceTree = "<group>"; };
		A411CE0E1F0350BF00336A52 /* NSString+SegmentModelProtocol.h */ = {isa = PBXFileReference; fileEncoding = 4; lastKnownFileType = sourcecode.c.h; path = "NSString+SegmentModelProtocol.h"; sourceTree = "<group>"; };
		A411CE0F1F0350BF00336A52 /* NSString+SegmentModelProtocol.m */ = {isa = PBXFileReference; fileEncoding = 4; lastKnownFileType = sourcecode.c.objc; path = "NSString+SegmentModelProtocol.m"; sourceTree = "<group>"; };
		A411CE101F0350BF00336A52 /* SegmentBar.h */ = {isa = PBXFileReference; fileEncoding = 4; lastKnownFileType = sourcecode.c.h; path = SegmentBar.h; sourceTree = "<group>"; };
		A411CE111F0350BF00336A52 /* SegmentBar.m */ = {isa = PBXFileReference; fileEncoding = 4; lastKnownFileType = sourcecode.c.objc; path = SegmentBar.m; sourceTree = "<group>"; };
		A411CE121F0350BF00336A52 /* SegmentConfig.h */ = {isa = PBXFileReference; fileEncoding = 4; lastKnownFileType = sourcecode.c.h; path = SegmentConfig.h; sourceTree = "<group>"; };
		A411CE131F0350BF00336A52 /* SegmentConfig.m */ = {isa = PBXFileReference; fileEncoding = 4; lastKnownFileType = sourcecode.c.objc; path = SegmentConfig.m; sourceTree = "<group>"; };
		A411CE141F0350BF00336A52 /* SegmentModelProtocol.h */ = {isa = PBXFileReference; fileEncoding = 4; lastKnownFileType = sourcecode.c.h; path = SegmentModelProtocol.h; sourceTree = "<group>"; };
		A411CE151F0350BF00336A52 /* SegmentRightLeftBtn.h */ = {isa = PBXFileReference; fileEncoding = 4; lastKnownFileType = sourcecode.c.h; path = SegmentRightLeftBtn.h; sourceTree = "<group>"; };
		A411CE161F0350BF00336A52 /* SegmentRightLeftBtn.m */ = {isa = PBXFileReference; fileEncoding = 4; lastKnownFileType = sourcecode.c.objc; path = SegmentRightLeftBtn.m; sourceTree = "<group>"; };
		A411CE1F1F0350BF00336A52 /* HomeVC.h */ = {isa = PBXFileReference; fileEncoding = 4; lastKnownFileType = sourcecode.c.h; path = HomeVC.h; sourceTree = "<group>"; };
		A411CE201F0350BF00336A52 /* HomeVC.m */ = {isa = PBXFileReference; fileEncoding = 4; lastKnownFileType = sourcecode.c.objc; path = HomeVC.m; sourceTree = "<group>"; };
		A411CE221F0350BF00336A52 /* HomeDataTool.h */ = {isa = PBXFileReference; fileEncoding = 4; lastKnownFileType = sourcecode.c.h; path = HomeDataTool.h; sourceTree = "<group>"; };
		A411CE231F0350BF00336A52 /* HomeDataTool.m */ = {isa = PBXFileReference; fileEncoding = 4; lastKnownFileType = sourcecode.c.objc; path = HomeDataTool.m; sourceTree = "<group>"; };
		A411CE251F0350BF00336A52 /* HomeTabModel.h */ = {isa = PBXFileReference; fileEncoding = 4; lastKnownFileType = sourcecode.c.h; path = HomeTabModel.h; sourceTree = "<group>"; };
		A411CE261F0350BF00336A52 /* HomeTabModel.m */ = {isa = PBXFileReference; fileEncoding = 4; lastKnownFileType = sourcecode.c.objc; path = HomeTabModel.m; sourceTree = "<group>"; };
		A411CE281F0350BF00336A52 /* HomeModuleAPI.h */ = {isa = PBXFileReference; fileEncoding = 4; lastKnownFileType = sourcecode.c.h; path = HomeModuleAPI.h; sourceTree = "<group>"; };
		A411CE291F0350BF00336A52 /* HomeModuleAPI.m */ = {isa = PBXFileReference; fileEncoding = 4; lastKnownFileType = sourcecode.c.objc; path = HomeModuleAPI.m; sourceTree = "<group>"; };
		A411CE2E1F0350BF00336A52 /* FJRTableBlankSectionViewContext.h */ = {isa = PBXFileReference; fileEncoding = 4; lastKnownFileType = sourcecode.c.h; path = FJRTableBlankSectionViewContext.h; sourceTree = "<group>"; };
		A411CE2F1F0350BF00336A52 /* FJRTableBlankSectionViewContext.m */ = {isa = PBXFileReference; fileEncoding = 4; lastKnownFileType = sourcecode.c.objc; path = FJRTableBlankSectionViewContext.m; sourceTree = "<group>"; };
		A411CE301F0350BF00336A52 /* FJRTableRow.h */ = {isa = PBXFileReference; fileEncoding = 4; lastKnownFileType = sourcecode.c.h; path = FJRTableRow.h; sourceTree = "<group>"; };
		A411CE311F0350BF00336A52 /* FJRTableRow.m */ = {isa = PBXFileReference; fileEncoding = 4; lastKnownFileType = sourcecode.c.objc; path = FJRTableRow.m; sourceTree = "<group>"; };
		A411CE321F0350BF00336A52 /* FJRTableSection.h */ = {isa = PBXFileReference; fileEncoding = 4; lastKnownFileType = sourcecode.c.h; path = FJRTableSection.h; sourceTree = "<group>"; };
		A411CE331F0350BF00336A52 /* FJRTableSection.m */ = {isa = PBXFileReference; fileEncoding = 4; lastKnownFileType = sourcecode.c.objc; path = FJRTableSection.m; sourceTree = "<group>"; };
		A411CE341F0350BF00336A52 /* FJRTableStaticCellContext.h */ = {isa = PBXFileReference; fileEncoding = 4; lastKnownFileType = sourcecode.c.h; path = FJRTableStaticCellContext.h; sourceTree = "<group>"; };
		A411CE351F0350BF00336A52 /* FJRTableStaticCellContext.m */ = {isa = PBXFileReference; fileEncoding = 4; lastKnownFileType = sourcecode.c.objc; path = FJRTableStaticCellContext.m; sourceTree = "<group>"; };
		A411CE361F0350BF00336A52 /* FJRTableViewManager.h */ = {isa = PBXFileReference; fileEncoding = 4; lastKnownFileType = sourcecode.c.h; path = FJRTableViewManager.h; sourceTree = "<group>"; };
		A411CE371F0350BF00336A52 /* FJRTableViewManager.m */ = {isa = PBXFileReference; fileEncoding = 4; lastKnownFileType = sourcecode.c.objc; path = FJRTableViewManager.m; sourceTree = "<group>"; };
		A411CE381F0350BF00336A52 /* FJRTableViewManagerProtocols.h */ = {isa = PBXFileReference; fileEncoding = 4; lastKnownFileType = sourcecode.c.h; path = FJRTableViewManagerProtocols.h; sourceTree = "<group>"; };
		A411CE391F0350BF00336A52 /* UITableView+FJRTableViewManager.h */ = {isa = PBXFileReference; fileEncoding = 4; lastKnownFileType = sourcecode.c.h; path = "UITableView+FJRTableViewManager.h"; sourceTree = "<group>"; };
		A411CE3A1F0350BF00336A52 /* UITableView+FJRTableViewManager.m */ = {isa = PBXFileReference; fileEncoding = 4; lastKnownFileType = sourcecode.c.objc; path = "UITableView+FJRTableViewManager.m"; sourceTree = "<group>"; };
		A411CE3F1F0350BF00336A52 /* ClassificationTVC.h */ = {isa = PBXFileReference; fileEncoding = 4; lastKnownFileType = sourcecode.c.h; path = ClassificationTVC.h; sourceTree = "<group>"; };
		A411CE401F0350BF00336A52 /* ClassificationTVC.m */ = {isa = PBXFileReference; fileEncoding = 4; lastKnownFileType = sourcecode.c.objc; path = ClassificationTVC.m; sourceTree = "<group>"; };
		A411CE421F0350BF00336A52 /* ClassificationDataTool.h */ = {isa = PBXFileReference; fileEncoding = 4; lastKnownFileType = sourcecode.c.h; path = ClassificationDataTool.h; sourceTree = "<group>"; };
		A411CE431F0350BF00336A52 /* ClassificationDataTool.m */ = {isa = PBXFileReference; fileEncoding = 4; lastKnownFileType = sourcecode.c.objc; path = ClassificationDataTool.m; sourceTree = "<group>"; };
		A411CE461F0350BF00336A52 /* ClassCellBtn.h */ = {isa = PBXFileReference; fileEncoding = 4; lastKnownFileType = sourcecode.c.h; path = ClassCellBtn.h; sourceTree = "<group>"; };
		A411CE471F0350BF00336A52 /* ClassCellBtn.m */ = {isa = PBXFileReference; fileEncoding = 4; lastKnownFileType = sourcecode.c.objc; path = ClassCellBtn.m; sourceTree = "<group>"; };
		A411CE481F0350BF00336A52 /* ClassItemCell.h */ = {isa = PBXFileReference; fileEncoding = 4; lastKnownFileType = sourcecode.c.h; path = ClassItemCell.h; sourceTree = "<group>"; };
		A411CE491F0350BF00336A52 /* ClassItemCell.m */ = {isa = PBXFileReference; fileEncoding = 4; lastKnownFileType = sourcecode.c.objc; path = ClassItemCell.m; sourceTree = "<group>"; };
		A411CE4A1F0350BF00336A52 /* ClassItemCell.xib */ = {isa = PBXFileReference; fileEncoding = 4; lastKnownFileType = file.xib; path = ClassItemCell.xib; sourceTree = "<group>"; };
		A411CE521F0350BF00336A52 /* RecommendMoreTVC.h */ = {isa = PBXFileReference; fileEncoding = 4; lastKnownFileType = sourcecode.c.h; path = RecommendMoreTVC.h; sourceTree = "<group>"; };
		A411CE531F0350BF00336A52 /* RecommendMoreTVC.m */ = {isa = PBXFileReference; fileEncoding = 4; lastKnownFileType = sourcecode.c.objc; path = RecommendMoreTVC.m; sourceTree = "<group>"; };
		A411CE541F0350BF00336A52 /* RecommendTVC.h */ = {isa = PBXFileReference; fileEncoding = 4; lastKnownFileType = sourcecode.c.h; path = RecommendTVC.h; sourceTree = "<group>"; };
		A411CE551F0350BF00336A52 /* RecommendTVC.m */ = {isa = PBXFileReference; fileEncoding = 4; lastKnownFileType = sourcecode.c.objc; path = RecommendTVC.m; sourceTree = "<group>"; };
		A411CE571F0350BF00336A52 /* RecommendDataTool.h */ = {isa = PBXFileReference; fileEncoding = 4; lastKnownFileType = sourcecode.c.h; path = RecommendDataTool.h; sourceTree = "<group>"; };
		A411CE581F0350BF00336A52 /* RecommendDataTool.m */ = {isa = PBXFileReference; fileEncoding = 4; lastKnownFileType = sourcecode.c.objc; path = RecommendDataTool.m; sourceTree = "<group>"; };
		A411CE5A1F0350BF00336A52 /* GroupModel.h */ = {isa = PBXFileReference; fileEncoding = 4; lastKnownFileType = sourcecode.c.h; path = GroupModel.h; sourceTree = "<group>"; };
		A411CE5B1F0350BF00336A52 /* GroupModel.m */ = {isa = PBXFileReference; fileEncoding = 4; lastKnownFileType = sourcecode.c.objc; path = GroupModel.m; sourceTree = "<group>"; };
		A411CE5C1F0350BF00336A52 /* ItemInCellModel.h */ = {isa = PBXFileReference; fileEncoding = 4; lastKnownFileType = sourcecode.c.h; path = ItemInCellModel.h; sourceTree = "<group>"; };
		A411CE5D1F0350BF00336A52 /* ItemInCellModel.m */ = {isa = PBXFileReference; fileEncoding = 4; lastKnownFileType = sourcecode.c.objc; path = ItemInCellModel.m; sourceTree = "<group>"; };
		A411CE5E1F0350BF00336A52 /* NominateEditorModel.h */ = {isa = PBXFileReference; fileEncoding = 4; lastKnownFileType = sourcecode.c.h; path = NominateEditorModel.h; sourceTree = "<group>"; };
		A411CE5F1F0350BF00336A52 /* NominateEditorModel.m */ = {isa = PBXFileReference; fileEncoding = 4; lastKnownFileType = sourcecode.c.objc; path = NominateEditorModel.m; sourceTree = "<group>"; };
		A411CE601F0350BF00336A52 /* SpecialColumnModel.h */ = {isa = PBXFileReference; fileEncoding = 4; lastKnownFileType = sourcecode.c.h; path = SpecialColumnModel.h; sourceTree = "<group>"; };
		A411CE611F0350BF00336A52 /* SpecialColumnModel.m */ = {isa = PBXFileReference; fileEncoding = 4; lastKnownFileType = sourcecode.c.objc; path = SpecialColumnModel.m; sourceTree = "<group>"; };
		A411CE631F0350BF00336A52 /* HomeRecommendAPI.h */ = {isa = PBXFileReference; fileEncoding = 4; lastKnownFileType = sourcecode.c.h; path = HomeRecommendAPI.h; sourceTree = "<group>"; };
		A411CE641F0350BF00336A52 /* HomeRecommendAPI.m */ = {isa = PBXFileReference; fileEncoding = 4; lastKnownFileType = sourcecode.c.objc; path = HomeRecommendAPI.m; sourceTree = "<group>"; };
		A411CE651F0350BF00336A52 /* HomeRecommendDefine.h */ = {isa = PBXFileReference; fileEncoding = 4; lastKnownFileType = sourcecode.c.h; path = HomeRecommendDefine.h; sourceTree = "<group>"; };
		A411CE671F0350BF00336A52 /* AdPicTextCell.h */ = {isa = PBXFileReference; fileEncoding = 4; lastKnownFileType = sourcecode.c.h; path = AdPicTextCell.h; sourceTree = "<group>"; };
		A411CE681F0350BF00336A52 /* AdPicTextCell.m */ = {isa = PBXFileReference; fileEncoding = 4; lastKnownFileType = sourcecode.c.objc; path = AdPicTextCell.m; sourceTree = "<group>"; };
		A411CE691F0350BF00336A52 /* AdPicTextCell.xib */ = {isa = PBXFileReference; fileEncoding = 4; lastKnownFileType = file.xib; path = AdPicTextCell.xib; sourceTree = "<group>"; };
		A411CE6A1F0350BF00336A52 /* CellInCell.h */ = {isa = PBXFileReference; fileEncoding = 4; lastKnownFileType = sourcecode.c.h; path = CellInCell.h; sourceTree = "<group>"; };
		A411CE6B1F0350BF00336A52 /* CellInCell.m */ = {isa = PBXFileReference; fileEncoding = 4; lastKnownFileType = sourcecode.c.objc; path = CellInCell.m; sourceTree = "<group>"; };
		A411CE6C1F0350BF00336A52 /* CellInCell.xib */ = {isa = PBXFileReference; fileEncoding = 4; lastKnownFileType = file.xib; path = CellInCell.xib; sourceTree = "<group>"; };
		A411CE6D1F0350BF00336A52 /* ItemCell.h */ = {isa = PBXFileReference; fileEncoding = 4; lastKnownFileType = sourcecode.c.h; path = ItemCell.h; sourceTree = "<group>"; };
		A411CE6E1F0350BF00336A52 /* ItemCell.m */ = {isa = PBXFileReference; fileEncoding = 4; lastKnownFileType = sourcecode.c.objc; path = ItemCell.m; sourceTree = "<group>"; };
		A411CE6F1F0350BF00336A52 /* ItemCell.xib */ = {isa = PBXFileReference; fileEncoding = 4; lastKnownFileType = file.xib; path = ItemCell.xib; sourceTree = "<group>"; };
		A411CE701F0350BF00336A52 /* NominateEditorCell.h */ = {isa = PBXFileReference; fileEncoding = 4; lastKnownFileType = sourcecode.c.h; path = NominateEditorCell.h; sourceTree = "<group>"; };
		A411CE711F0350BF00336A52 /* NominateEditorCell.m */ = {isa = PBXFileReference; fileEncoding = 4; lastKnownFileType = sourcecode.c.objc; path = NominateEditorCell.m; sourceTree = "<group>"; };
		A411CE721F0350BF00336A52 /* NominateEditorCell.xib */ = {isa = PBXFileReference; fileEncoding = 4; lastKnownFileType = file.xib; path = NominateEditorCell.xib; sourceTree = "<group>"; };
		A411CE731F0350BF00336A52 /* RecommendCell.h */ = {isa = PBXFileReference; fileEncoding = 4; lastKnownFileType = sourcecode.c.h; path = RecommendCell.h; sourceTree = "<group>"; };
		A411CE741F0350BF00336A52 /* RecommendCell.m */ = {isa = PBXFileReference; fileEncoding = 4; lastKnownFileType = sourcecode.c.objc; path = RecommendCell.m; sourceTree = "<group>"; };
		A411CE751F0350BF00336A52 /* RecommendCell.xib */ = {isa = PBXFileReference; fileEncoding = 4; lastKnownFileType = file.xib; path = RecommendCell.xib; sourceTree = "<group>"; };
		A411CE761F0350BF00336A52 /* SpecialColumnCell.h */ = {isa = PBXFileReference; fileEncoding = 4; lastKnownFileType = sourcecode.c.h; path = SpecialColumnCell.h; sourceTree = "<group>"; };
		A411CE771F0350BF00336A52 /* SpecialColumnCell.m */ = {isa = PBXFileReference; fileEncoding = 4; lastKnownFileType = sourcecode.c.objc; path = SpecialColumnCell.m; sourceTree = "<group>"; };
		A411CE781F0350BF00336A52 /* SpecialColumnCell.xib */ = {isa = PBXFileReference; fileEncoding = 4; lastKnownFileType = file.xib; path = SpecialColumnCell.xib; sourceTree = "<group>"; };
		A411CEAD1F03532100336A52 /* FileTool.h */ = {isa = PBXFileReference; fileEncoding = 4; lastKnownFileType = sourcecode.c.h; path = FileTool.h; sourceTree = "<group>"; };
		A411CEAE1F03532100336A52 /* FileTool.m */ = {isa = PBXFileReference; fileEncoding = 4; lastKnownFileType = sourcecode.c.objc; path = FileTool.m; sourceTree = "<group>"; };
		A411CEB01F035BB100336A52 /* DownLoader.h */ = {isa = PBXFileReference; fileEncoding = 4; lastKnownFileType = sourcecode.c.h; path = DownLoader.h; sourceTree = "<group>"; };
		A411CEB11F035BB100336A52 /* DownLoader.m */ = {isa = PBXFileReference; fileEncoding = 4; lastKnownFileType = sourcecode.c.objc; path = DownLoader.m; sourceTree = "<group>"; };
		A411CEB31F037EDE00336A52 /* DownLoadManager.h */ = {isa = PBXFileReference; fileEncoding = 4; lastKnownFileType = sourcecode.c.h; path = DownLoadManager.h; sourceTree = "<group>"; };
		A411CEB41F037EDE00336A52 /* DownLoadManager.m */ = {isa = PBXFileReference; fileEncoding = 4; lastKnownFileType = sourcecode.c.objc; path = DownLoadManager.m; sourceTree = "<group>"; };
		A412D31E1EFB52EF00F7B8FD /* HbFM.app */ = {isa = PBXFileReference; explicitFileType = wrapper.application; includeInIndex = 0; path = HbFM.app; sourceTree = BUILT_PRODUCTS_DIR; };
		A412D3221EFB52EF00F7B8FD /* main.m */ = {isa = PBXFileReference; lastKnownFileType = sourcecode.c.objc; path = main.m; sourceTree = "<group>"; };
		A412D3241EFB52EF00F7B8FD /* AppDelegate.h */ = {isa = PBXFileReference; lastKnownFileType = sourcecode.c.h; path = AppDelegate.h; sourceTree = "<group>"; };
		A412D3251EFB52EF00F7B8FD /* AppDelegate.m */ = {isa = PBXFileReference; lastKnownFileType = sourcecode.c.objc; path = AppDelegate.m; sourceTree = "<group>"; };
		A412D3271EFB52EF00F7B8FD /* ViewController.h */ = {isa = PBXFileReference; lastKnownFileType = sourcecode.c.h; path = ViewController.h; sourceTree = "<group>"; };
		A412D3281EFB52EF00F7B8FD /* ViewController.m */ = {isa = PBXFileReference; lastKnownFileType = sourcecode.c.objc; path = ViewController.m; sourceTree = "<group>"; };
		A412D32B1EFB52EF00F7B8FD /* Base */ = {isa = PBXFileReference; lastKnownFileType = file.storyboard; name = Base; path = Base.lproj/Main.storyboard; sourceTree = "<group>"; };
		A412D32D1EFB52EF00F7B8FD /* Assets.xcassets */ = {isa = PBXFileReference; lastKnownFileType = folder.assetcatalog; path = Assets.xcassets; sourceTree = "<group>"; };
		A412D3301EFB52EF00F7B8FD /* Base */ = {isa = PBXFileReference; lastKnownFileType = file.storyboard; name = Base; path = Base.lproj/LaunchScreen.storyboard; sourceTree = "<group>"; };
		A412D3321EFB52EF00F7B8FD /* Info.plist */ = {isa = PBXFileReference; lastKnownFileType = text.plist.xml; path = Info.plist; sourceTree = "<group>"; };
		A412D3371EFB52EF00F7B8FD /* HbFMTests.xctest */ = {isa = PBXFileReference; explicitFileType = wrapper.cfbundle; includeInIndex = 0; path = HbFMTests.xctest; sourceTree = BUILT_PRODUCTS_DIR; };
		A412D33B1EFB52EF00F7B8FD /* HbFMTests.m */ = {isa = PBXFileReference; lastKnownFileType = sourcecode.c.objc; path = HbFMTests.m; sourceTree = "<group>"; };
		A412D33D1EFB52EF00F7B8FD /* Info.plist */ = {isa = PBXFileReference; lastKnownFileType = text.plist.xml; path = Info.plist; sourceTree = "<group>"; };
		A412D3421EFB52F000F7B8FD /* HbFMUITests.xctest */ = {isa = PBXFileReference; explicitFileType = wrapper.cfbundle; includeInIndex = 0; path = HbFMUITests.xctest; sourceTree = BUILT_PRODUCTS_DIR; };
		A412D3461EFB52F000F7B8FD /* HbFMUITests.m */ = {isa = PBXFileReference; lastKnownFileType = sourcecode.c.objc; path = HbFMUITests.m; sourceTree = "<group>"; };
		A412D3481EFB52F000F7B8FD /* Info.plist */ = {isa = PBXFileReference; lastKnownFileType = text.plist.xml; path = Info.plist; sourceTree = "<group>"; };
		A412D35A1EFB745A00F7B8FD /* Base.h */ = {isa = PBXFileReference; lastKnownFileType = sourcecode.c.h; path = Base.h; sourceTree = "<group>"; };
		A412D35B1EFB751300F7B8FD /* Sington.h */ = {isa = PBXFileReference; lastKnownFileType = sourcecode.c.h; path = Sington.h; sourceTree = "<group>"; };
		A412D35C1EFB75C600F7B8FD /* FMConst.h */ = {isa = PBXFileReference; fileEncoding = 4; lastKnownFileType = sourcecode.c.h; path = FMConst.h; sourceTree = "<group>"; };
		A412D35D1EFB75C600F7B8FD /* FMConst.m */ = {isa = PBXFileReference; fileEncoding = 4; lastKnownFileType = sourcecode.c.objc; path = FMConst.m; sourceTree = "<group>"; };
		A412D35F1EFB77EA00F7B8FD /* CALayer+PauseAimate.h */ = {isa = PBXFileReference; fileEncoding = 4; lastKnownFileType = sourcecode.c.h; path = "CALayer+PauseAimate.h"; sourceTree = "<group>"; };
		A412D3601EFB77EA00F7B8FD /* CALayer+PauseAimate.m */ = {isa = PBXFileReference; fileEncoding = 4; lastKnownFileType = sourcecode.c.objc; path = "CALayer+PauseAimate.m"; sourceTree = "<group>"; };
		A412D3621EFB969800F7B8FD /* NSArray+FMPartition.h */ = {isa = PBXFileReference; fileEncoding = 4; lastKnownFileType = sourcecode.c.h; path = "NSArray+FMPartition.h"; sourceTree = "<group>"; };
		A412D3631EFB969800F7B8FD /* NSArray+FMPartition.m */ = {isa = PBXFileReference; fileEncoding = 4; lastKnownFileType = sourcecode.c.objc; path = "NSArray+FMPartition.m"; sourceTree = "<group>"; };
		A412D3651EFB974E00F7B8FD /* NSObject+FMBundle.h */ = {isa = PBXFileReference; fileEncoding = 4; lastKnownFileType = sourcecode.c.h; path = "NSObject+FMBundle.h"; sourceTree = "<group>"; };
		A412D3661EFB974E00F7B8FD /* NSObject+FMBundle.m */ = {isa = PBXFileReference; fileEncoding = 4; lastKnownFileType = sourcecode.c.objc; path = "NSObject+FMBundle.m"; sourceTree = "<group>"; };
		A412D3681EFB97B500F7B8FD /* UIImage+FMImage.h */ = {isa = PBXFileReference; fileEncoding = 4; lastKnownFileType = sourcecode.c.h; path = "UIImage+FMImage.h"; sourceTree = "<group>"; };
		A412D3691EFB97B500F7B8FD /* UIImage+FMImage.m */ = {isa = PBXFileReference; fileEncoding = 4; lastKnownFileType = sourcecode.c.objc; path = "UIImage+FMImage.m"; sourceTree = "<group>"; };
		A412D36B1EFB981A00F7B8FD /* UIView+FMLayout.h */ = {isa = PBXFileReference; fileEncoding = 4; lastKnownFileType = sourcecode.c.h; path = "UIView+FMLayout.h"; sourceTree = "<group>"; };
		A412D36C1EFB981A00F7B8FD /* UIView+FMLayout.m */ = {isa = PBXFileReference; fileEncoding = 4; lastKnownFileType = sourcecode.c.objc; path = "UIView+FMLayout.m"; sourceTree = "<group>"; };
		A412D36E1EFB986D00F7B8FD /* UIView+FMNib.h */ = {isa = PBXFileReference; fileEncoding = 4; lastKnownFileType = sourcecode.c.h; path = "UIView+FMNib.h"; sourceTree = "<group>"; };
		A412D36F1EFB986D00F7B8FD /* UIView+FMNib.m */ = {isa = PBXFileReference; fileEncoding = 4; lastKnownFileType = sourcecode.c.objc; path = "UIView+FMNib.m"; sourceTree = "<group>"; };
		A412D3711EFB994300F7B8FD /* UIImageView+FMExtension.h */ = {isa = PBXFileReference; fileEncoding = 4; lastKnownFileType = sourcecode.c.h; path = "UIImageView+FMExtension.h"; sourceTree = "<group>"; };
		A412D3721EFB994300F7B8FD /* UIImageView+FMExtension.m */ = {isa = PBXFileReference; fileEncoding = 4; lastKnownFileType = sourcecode.c.objc; path = "UIImageView+FMExtension.m"; sourceTree = "<group>"; };
		A412D3741EFB9D5000F7B8FD /* FMSessionManager.h */ = {isa = PBXFileReference; fileEncoding = 4; lastKnownFileType = sourcecode.c.h; path = FMSessionManager.h; sourceTree = "<group>"; };
		A412D3751EFB9D5000F7B8FD /* FMSessionManager.m */ = {isa = PBXFileReference; fileEncoding = 4; lastKnownFileType = sourcecode.c.objc; path = FMSessionManager.m; sourceTree = "<group>"; };
		A412D3771EFB9EBA00F7B8FD /* FMAlertTool.h */ = {isa = PBXFileReference; fileEncoding = 4; lastKnownFileType = sourcecode.c.h; path = FMAlertTool.h; sourceTree = "<group>"; };
		A412D3781EFB9EBA00F7B8FD /* FMAlertTool.m */ = {isa = PBXFileReference; fileEncoding = 4; lastKnownFileType = sourcecode.c.objc; path = FMAlertTool.m; sourceTree = "<group>"; };
		A412D37A1EFBA08A00F7B8FD /* PrefixHeader.pch */ = {isa = PBXFileReference; lastKnownFileType = sourcecode.c.h; path = PrefixHeader.pch; sourceTree = "<group>"; };
		A412D37B1EFBA1CB00F7B8FD /* FMCacheTool.h */ = {isa = PBXFileReference; fileEncoding = 4; lastKnownFileType = sourcecode.c.h; path = FMCacheTool.h; sourceTree = "<group>"; };
		A412D37C1EFBA1CB00F7B8FD /* FMCacheTool.m */ = {isa = PBXFileReference; fileEncoding = 4; lastKnownFileType = sourcecode.c.objc; path = FMCacheTool.m; sourceTree = "<group>"; };
		A412D37E1EFBA22400F7B8FD /* FMDeviceMessage.h */ = {isa = PBXFileReference; fileEncoding = 4; lastKnownFileType = sourcecode.c.h; path = FMDeviceMessage.h; sourceTree = "<group>"; };
		A412D37F1EFBA22400F7B8FD /* FMDeviceMessage.m */ = {isa = PBXFileReference; fileEncoding = 4; lastKnownFileType = sourcecode.c.objc; path = FMDeviceMessage.m; sourceTree = "<group>"; };
		A412D3811EFBA27A00F7B8FD /* FMNoticeLocal.h */ = {isa = PBXFileReference; fileEncoding = 4; lastKnownFileType = sourcecode.c.h; path = FMNoticeLocal.h; sourceTree = "<group>"; };
		A412D3821EFBA27A00F7B8FD /* FMNoticeLocal.m */ = {isa = PBXFileReference; fileEncoding = 4; lastKnownFileType = sourcecode.c.objc; path = FMNoticeLocal.m; sourceTree = "<group>"; };
		A412D38D1EFBA6B400F7B8FD /* header_default@2x.png */ = {isa = PBXFileReference; lastKnownFileType = image.png; path = "header_default@2x.png"; sourceTree = "<group>"; };
		A412D38E1EFBA6B400F7B8FD /* tabbar_bg@2x.png */ = {isa = PBXFileReference; lastKnownFileType = image.png; path = "tabbar_bg@2x.png"; sourceTree = "<group>"; };
		A412D38F1EFBA6B400F7B8FD /* tabbar_bg@3x.png */ = {isa = PBXFileReference; lastKnownFileType = image.png; path = "tabbar_bg@3x.png"; sourceTree = "<group>"; };
		A412D3901EFBA6B400F7B8FD /* tabbar_np_loop@2x.png */ = {isa = PBXFileReference; lastKnownFileType = image.png; path = "tabbar_np_loop@2x.png"; sourceTree = "<group>"; };
		A412D3911EFBA6B400F7B8FD /* tabbar_np_loop@3x.png */ = {isa = PBXFileReference; lastKnownFileType = image.png; path = "tabbar_np_loop@3x.png"; sourceTree = "<group>"; };
		A412D3921EFBA6B400F7B8FD /* tabbar_np_normal@2x.png */ = {isa = PBXFileReference; lastKnownFileType = image.png; path = "tabbar_np_normal@2x.png"; sourceTree = "<group>"; };
		A412D3931EFBA6B400F7B8FD /* tabbar_np_normal@3x.png */ = {isa = PBXFileReference; lastKnownFileType = image.png; path = "tabbar_np_normal@3x.png"; sourceTree = "<group>"; };
		A412D3941EFBA6B400F7B8FD /* tabbar_np_play@2x.png */ = {isa = PBXFileReference; lastKnownFileType = image.png; path = "tabbar_np_play@2x.png"; sourceTree = "<group>"; };
		A412D3951EFBA6B400F7B8FD /* tabbar_np_play@3x.png */ = {isa = PBXFileReference; lastKnownFileType = image.png; path = "tabbar_np_play@3x.png"; sourceTree = "<group>"; };
		A412D3961EFBA6B400F7B8FD /* tabbar_np_playshadow@2x.png */ = {isa = PBXFileReference; lastKnownFileType = image.png; path = "tabbar_np_playshadow@2x.png"; sourceTree = "<group>"; };
		A412D3971EFBA6B400F7B8FD /* tabbar_np_playshadow@3x.png */ = {isa = PBXFileReference; lastKnownFileType = image.png; path = "tabbar_np_playshadow@3x.png"; sourceTree = "<group>"; };
		A412D3981EFBA6B400F7B8FD /* tabbar_np_shadow@2x.png */ = {isa = PBXFileReference; lastKnownFileType = image.png; path = "tabbar_np_shadow@2x.png"; sourceTree = "<group>"; };
		A412D3991EFBA6B400F7B8FD /* tabbar_np_shadow@3x.png */ = {isa = PBXFileReference; lastKnownFileType = image.png; path = "tabbar_np_shadow@3x.png"; sourceTree = "<group>"; };
		A412D39A1EFBA6B400F7B8FD /* zxy_icon@2x.jpg */ = {isa = PBXFileReference; lastKnownFileType = image.jpeg; path = "zxy_icon@2x.jpg"; sourceTree = "<group>"; };
		A412D3AA1EFBA76700F7B8FD /* FMNavigationController.h */ = {isa = PBXFileReference; fileEncoding = 4; lastKnownFileType = sourcecode.c.h; path = FMNavigationController.h; sourceTree = "<group>"; };
		A412D3AB1EFBA76700F7B8FD /* FMNavigationController.m */ = {isa = PBXFileReference; fileEncoding = 4; lastKnownFileType = sourcecode.c.objc; path = FMNavigationController.m; sourceTree = "<group>"; };
		A412D3AE1EFBA76700F7B8FD /* FMNavBar.h */ = {isa = PBXFileReference; fileEncoding = 4; lastKnownFileType = sourcecode.c.h; path = FMNavBar.h; sourceTree = "<group>"; };
		A412D3AF1EFBA76700F7B8FD /* FMNavBar.m */ = {isa = PBXFileReference; fileEncoding = 4; lastKnownFileType = sourcecode.c.objc; path = FMNavBar.m; sourceTree = "<group>"; };
		A412D3B21EFBA7A200F7B8FD /* FMMiddleView.h */ = {isa = PBXFileReference; fileEncoding = 4; lastKnownFileType = sourcecode.c.h; path = FMMiddleView.h; sourceTree = "<group>"; };
		A412D3B31EFBA7A200F7B8FD /* FMMiddleView.m */ = {isa = PBXFileReference; fileEncoding = 4; lastKnownFileType = sourcecode.c.objc; path = FMMiddleView.m; sourceTree = "<group>"; };
		A412D3B41EFBA7A200F7B8FD /* FMMiddleView.xib */ = {isa = PBXFileReference; fileEncoding = 4; lastKnownFileType = file.xib; path = FMMiddleView.xib; sourceTree = "<group>"; };
		A412D3B71EFBA8A600F7B8FD /* FMTabBarController.h */ = {isa = PBXFileReference; fileEncoding = 4; lastKnownFileType = sourcecode.c.h; path = FMTabBarController.h; sourceTree = "<group>"; };
		A412D3B81EFBA8A600F7B8FD /* FMTabBarController.m */ = {isa = PBXFileReference; fileEncoding = 4; lastKnownFileType = sourcecode.c.objc; path = FMTabBarController.m; sourceTree = "<group>"; };
		A412D3BA1EFBA94700F7B8FD /* FMTabBar.h */ = {isa = PBXFileReference; fileEncoding = 4; lastKnownFileType = sourcecode.c.h; path = FMTabBar.h; sourceTree = "<group>"; };
		A412D3BB1EFBA94700F7B8FD /* FMTabBar.m */ = {isa = PBXFileReference; fileEncoding = 4; lastKnownFileType = sourcecode.c.objc; path = FMTabBar.m; sourceTree = "<group>"; };
		A412D3BD1EFBAC3900F7B8FD /* MainModuleAPI.h */ = {isa = PBXFileReference; fileEncoding = 4; lastKnownFileType = sourcecode.c.h; path = MainModuleAPI.h; sourceTree = "<group>"; };
		A412D3BE1EFBAC3900F7B8FD /* MainModuleAPI.m */ = {isa = PBXFileReference; fileEncoding = 4; lastKnownFileType = sourcecode.c.objc; path = MainModuleAPI.m; sourceTree = "<group>"; };
		AC7619D62D0C57BD7A0A486F /* libPods-HbFM.a */ = {isa = PBXFileReference; explicitFileType = archive.ar; includeInIndex = 0; path = "libPods-HbFM.a"; sourceTree = BUILT_PRODUCTS_DIR; };
		C9472ADB904DF73B0058C2B0 /* Pods-HbFM.release.xcconfig */ = {isa = PBXFileReference; includeInIndex = 1; lastKnownFileType = text.xcconfig; name = "Pods-HbFM.release.xcconfig"; path = "Pods/Target Support Files/Pods-HbFM/Pods-HbFM.release.xcconfig"; sourceTree = "<group>"; };
/* End PBXFileReference section */

/* Begin PBXFrameworksBuildPhase section */
		A412D31B1EFB52EF00F7B8FD /* Frameworks */ = {
			isa = PBXFrameworksBuildPhase;
			buildActionMask = 2147483647;
			files = (
				821D16C5168DA463ADCD2635 /* libPods-HbFM.a in Frameworks */,
			);
			runOnlyForDeploymentPostprocessing = 0;
		};
		A412D3341EFB52EF00F7B8FD /* Frameworks */ = {
			isa = PBXFrameworksBuildPhase;
			buildActionMask = 2147483647;
			files = (
			);
			runOnlyForDeploymentPostprocessing = 0;
		};
		A412D33F1EFB52F000F7B8FD /* Frameworks */ = {
			isa = PBXFrameworksBuildPhase;
			buildActionMask = 2147483647;
			files = (
			);
			runOnlyForDeploymentPostprocessing = 0;
		};
/* End PBXFrameworksBuildPhase section */

/* Begin PBXGroup section */
		233192DD5EC5F8A5233B937E /* Frameworks */ = {
			isa = PBXGroup;
			children = (
				AC7619D62D0C57BD7A0A486F /* libPods-HbFM.a */,
			);
			name = Frameworks;
			sourceTree = "<group>";
		};
		A411BC951F00AB0F00EF099A /* Segment */ = {
			isa = PBXGroup;
			children = (
				A411BC961F00AB0F00EF099A /* icon_radio_hide@2x.png */,
				A411BC971F00AB0F00EF099A /* icon_radio_hide@3x.png */,
				A411BC981F00AB0F00EF099A /* icon_radio_show@2x.png */,
				A411BC991F00AB0F00EF099A /* icon_radio_show@3x.png */,
			);
			path = Segment;
			sourceTree = "<group>";
		};
		A411BD171F00F2F600EF099A /* HomeRecommend */ = {
			isa = PBXGroup;
			children = (
				A411BD181F00F2F600EF099A /* album_tracks@2x.png */,
				A411BD191F00F2F600EF099A /* album_tracks@3x.png */,
				A411BD1A1F00F2F600EF099A /* albumtag_pay@2x.png */,
				A411BD1B1F00F2F600EF099A /* albumtag_pay@3x.png */,
				A411BD1C1F00F2F600EF099A /* cell_arrow_all@2x.png */,
				A411BD1D1F00F2F600EF099A /* find_specialicon@2x.png */,
				A411BD1E1F00F2F600EF099A /* find_specialicon@3x.png */,
				A411BD1F1F00F2F600EF099A /* liveRadioCellPoint@2x.png */,
				A411BD201F00F2F600EF099A /* liveRadioCellPoint@3x.png */,
			);
			path = HomeRecommend;
			sourceTree = "<group>";
		};
		A411CDEF1F0350BF00336A52 /* Common */ = {
			isa = PBXGroup;
			children = (
				A411CEAC1F03528D00336A52 /* DownLoad */,
				A411CDF01F0350BF00336A52 /* AdPicView */,
				A411CDF41F0350BF00336A52 /* CommonMV */,
				A411CE021F0350BF00336A52 /* MenueView */,
				A411CE081F0350BF00336A52 /* Segment */,
			);
			path = Common;
			sourceTree = "<group>";
		};
		A411CDF01F0350BF00336A52 /* AdPicView */ = {
			isa = PBXGroup;
			children = (
				A411CDF11F0350BF00336A52 /* AdPicProtocol.h */,
				A411CDF21F0350BF00336A52 /* AdPicView.h */,
				A411CDF31F0350BF00336A52 /* AdPicView.m */,
			);
			path = AdPicView;
			sourceTree = "<group>";
		};
		A411CDF41F0350BF00336A52 /* CommonMV */ = {
			isa = PBXGroup;
			children = (
				A411CDF51F0350BF00336A52 /* Model */,
			);
			path = CommonMV;
			sourceTree = "<group>";
		};
		A411CDF51F0350BF00336A52 /* Model */ = {
			isa = PBXGroup;
			children = (
				A411CDF61F0350BF00336A52 /* AdPicModel.h */,
				A411CDF71F0350BF00336A52 /* AdPicModel.m */,
				A411CDF81F0350BF00336A52 /* ClassItemModel.h */,
				A411CDF91F0350BF00336A52 /* ClassItemModel.m */,
				A411CDFA1F0350BF00336A52 /* FocusImageModel.h */,
				A411CDFB1F0350BF00336A52 /* FocusImageModel.m */,
				A411CDFC1F0350BF00336A52 /* LiveModel.h */,
				A411CDFD1F0350BF00336A52 /* LiveModel.m */,
				A411CDFE1F0350BF00336A52 /* MenueModel.h */,
				A411CDFF1F0350BF00336A52 /* MenueModel.m */,
				A411CE001F0350BF00336A52 /* TuiguangModel.h */,
				A411CE011F0350BF00336A52 /* TuiguangModel.m */,
			);
			path = Model;
			sourceTree = "<group>";
		};
		A411CE021F0350BF00336A52 /* MenueView */ = {
			isa = PBXGroup;
			children = (
				A411CE031F0350BF00336A52 /* MenueModelProtocol.h */,
				A411CE041F0350BF00336A52 /* MenueView.h */,
				A411CE051F0350BF00336A52 /* MenueView.m */,
				A411CE061F0350BF00336A52 /* UpDownBtn.h */,
				A411CE071F0350BF00336A52 /* UpDownBtn.m */,
			);
			path = MenueView;
			sourceTree = "<group>";
		};
		A411CE081F0350BF00336A52 /* Segment */ = {
			isa = PBXGroup;
			children = (
				A411CE091F0350BF00336A52 /* MenueBarShowDetailCVC.h */,
				A411CE0A1F0350BF00336A52 /* MenueBarShowDetailCVC.m */,
				A411CE0B1F0350BF00336A52 /* MenueCell.h */,
				A411CE0C1F0350BF00336A52 /* MenueCell.m */,
				A411CE0D1F0350BF00336A52 /* MenueCell.xib */,
				A411CE0E1F0350BF00336A52 /* NSString+SegmentModelProtocol.h */,
				A411CE0F1F0350BF00336A52 /* NSString+SegmentModelProtocol.m */,
				A411CE101F0350BF00336A52 /* SegmentBar.h */,
				A411CE111F0350BF00336A52 /* SegmentBar.m */,
				A411CE121F0350BF00336A52 /* SegmentConfig.h */,
				A411CE131F0350BF00336A52 /* SegmentConfig.m */,
				A411CE141F0350BF00336A52 /* SegmentModelProtocol.h */,
				A411CE151F0350BF00336A52 /* SegmentRightLeftBtn.h */,
				A411CE161F0350BF00336A52 /* SegmentRightLeftBtn.m */,
			);
			path = Segment;
			sourceTree = "<group>";
		};
		A411CE171F0350BF00336A52 /* Home */ = {
			isa = PBXGroup;
			children = (
				A411CE181F0350BF00336A52 /* Anchor */,
				A411CE1D1F0350BF00336A52 /* Home */,
				A411CE2A1F0350BF00336A52 /* HomeBillBoard */,
				A411CE3D1F0350BF00336A52 /* HomeCategory */,
				A411CE4B1F0350BF00336A52 /* HomeRadio */,
				A411CE501F0350BF00336A52 /* HomeRecommend */,
			);
			path = Home;
			sourceTree = "<group>";
		};
		A411CE181F0350BF00336A52 /* Anchor */ = {
			isa = PBXGroup;
			children = (
				A411CE191F0350BF00336A52 /* Controller */,
				A411CE1A1F0350BF00336A52 /* DataTool */,
				A411CE1B1F0350BF00336A52 /* Model */,
				A411CE1C1F0350BF00336A52 /* View */,
			);
			path = Anchor;
			sourceTree = "<group>";
		};
		A411CE191F0350BF00336A52 /* Controller */ = {
			isa = PBXGroup;
			children = (
			);
			path = Controller;
			sourceTree = "<group>";
		};
		A411CE1A1F0350BF00336A52 /* DataTool */ = {
			isa = PBXGroup;
			children = (
			);
			path = DataTool;
			sourceTree = "<group>";
		};
		A411CE1B1F0350BF00336A52 /* Model */ = {
			isa = PBXGroup;
			children = (
			);
			path = Model;
			sourceTree = "<group>";
		};
		A411CE1C1F0350BF00336A52 /* View */ = {
			isa = PBXGroup;
			children = (
			);
			path = View;
			sourceTree = "<group>";
		};
		A411CE1D1F0350BF00336A52 /* Home */ = {
			isa = PBXGroup;
			children = (
				A411CE1E1F0350BF00336A52 /* Controller */,
				A411CE211F0350BF00336A52 /* DataTool */,
				A411CE271F0350BF00336A52 /* PublicAPI */,
			);
			path = Home;
			sourceTree = "<group>";
		};
		A411CE1E1F0350BF00336A52 /* Controller */ = {
			isa = PBXGroup;
			children = (
				A411CE1F1F0350BF00336A52 /* HomeVC.h */,
				A411CE201F0350BF00336A52 /* HomeVC.m */,
			);
			path = Controller;
			sourceTree = "<group>";
		};
		A411CE211F0350BF00336A52 /* DataTool */ = {
			isa = PBXGroup;
			children = (
				A411CE221F0350BF00336A52 /* HomeDataTool.h */,
				A411CE231F0350BF00336A52 /* HomeDataTool.m */,
				A411CE241F0350BF00336A52 /* Model */,
			);
			path = DataTool;
			sourceTree = "<group>";
		};
		A411CE241F0350BF00336A52 /* Model */ = {
			isa = PBXGroup;
			children = (
				A411CE251F0350BF00336A52 /* HomeTabModel.h */,
				A411CE261F0350BF00336A52 /* HomeTabModel.m */,
			);
			path = Model;
			sourceTree = "<group>";
		};
		A411CE271F0350BF00336A52 /* PublicAPI */ = {
			isa = PBXGroup;
			children = (
				A411CE281F0350BF00336A52 /* HomeModuleAPI.h */,
				A411CE291F0350BF00336A52 /* HomeModuleAPI.m */,
			);
			path = PublicAPI;
			sourceTree = "<group>";
		};
		A411CE2A1F0350BF00336A52 /* HomeBillBoard */ = {
			isa = PBXGroup;
			children = (
				A411CE2B1F0350BF00336A52 /* Controller */,
				A411CE2C1F0350BF00336A52 /* DataTool */,
				A411CE2D1F0350BF00336A52 /* FJRTableViewManager */,
				A411CE3B1F0350BF00336A52 /* Model */,
				A411CE3C1F0350BF00336A52 /* View */,
			);
			path = HomeBillBoard;
			sourceTree = "<group>";
		};
		A411CE2B1F0350BF00336A52 /* Controller */ = {
			isa = PBXGroup;
			children = (
			);
			path = Controller;
			sourceTree = "<group>";
		};
		A411CE2C1F0350BF00336A52 /* DataTool */ = {
			isa = PBXGroup;
			children = (
			);
			path = DataTool;
			sourceTree = "<group>";
		};
		A411CE2D1F0350BF00336A52 /* FJRTableViewManager */ = {
			isa = PBXGroup;
			children = (
				A411CE2E1F0350BF00336A52 /* FJRTableBlankSectionViewContext.h */,
				A411CE2F1F0350BF00336A52 /* FJRTableBlankSectionViewContext.m */,
				A411CE301F0350BF00336A52 /* FJRTableRow.h */,
				A411CE311F0350BF00336A52 /* FJRTableRow.m */,
				A411CE321F0350BF00336A52 /* FJRTableSection.h */,
				A411CE331F0350BF00336A52 /* FJRTableSection.m */,
				A411CE341F0350BF00336A52 /* FJRTableStaticCellContext.h */,
				A411CE351F0350BF00336A52 /* FJRTableStaticCellContext.m */,
				A411CE361F0350BF00336A52 /* FJRTableViewManager.h */,
				A411CE371F0350BF00336A52 /* FJRTableViewManager.m */,
				A411CE381F0350BF00336A52 /* FJRTableViewManagerProtocols.h */,
				A411CE391F0350BF00336A52 /* UITableView+FJRTableViewManager.h */,
				A411CE3A1F0350BF00336A52 /* UITableView+FJRTableViewManager.m */,
			);
			path = FJRTableViewManager;
			sourceTree = "<group>";
		};
		A411CE3B1F0350BF00336A52 /* Model */ = {
			isa = PBXGroup;
			children = (
			);
			path = Model;
			sourceTree = "<group>";
		};
		A411CE3C1F0350BF00336A52 /* View */ = {
			isa = PBXGroup;
			children = (
			);
			path = View;
			sourceTree = "<group>";
		};
		A411CE3D1F0350BF00336A52 /* HomeCategory */ = {
			isa = PBXGroup;
			children = (
				A411CE3E1F0350BF00336A52 /* Controller */,
				A411CE411F0350BF00336A52 /* DataTool */,
				A411CE441F0350BF00336A52 /* PublicAPI */,
				A411CE451F0350BF00336A52 /* View */,
			);
			path = HomeCategory;
			sourceTree = "<group>";
		};
		A411CE3E1F0350BF00336A52 /* Controller */ = {
			isa = PBXGroup;
			children = (
				A411CE3F1F0350BF00336A52 /* ClassificationTVC.h */,
				A411CE401F0350BF00336A52 /* ClassificationTVC.m */,
			);
			path = Controller;
			sourceTree = "<group>";
		};
		A411CE411F0350BF00336A52 /* DataTool */ = {
			isa = PBXGroup;
			children = (
				A411CE421F0350BF00336A52 /* ClassificationDataTool.h */,
				A411CE431F0350BF00336A52 /* ClassificationDataTool.m */,
			);
			path = DataTool;
			sourceTree = "<group>";
		};
		A411CE441F0350BF00336A52 /* PublicAPI */ = {
			isa = PBXGroup;
			children = (
			);
			path = PublicAPI;
			sourceTree = "<group>";
		};
		A411CE451F0350BF00336A52 /* View */ = {
			isa = PBXGroup;
			children = (
				A411CE461F0350BF00336A52 /* ClassCellBtn.h */,
				A411CE471F0350BF00336A52 /* ClassCellBtn.m */,
				A411CE481F0350BF00336A52 /* ClassItemCell.h */,
				A411CE491F0350BF00336A52 /* ClassItemCell.m */,
				A411CE4A1F0350BF00336A52 /* ClassItemCell.xib */,
			);
			path = View;
			sourceTree = "<group>";
		};
		A411CE4B1F0350BF00336A52 /* HomeRadio */ = {
			isa = PBXGroup;
			children = (
				A411CE4C1F0350BF00336A52 /* Controller */,
				A411CE4D1F0350BF00336A52 /* DataTool */,
				A411CE4E1F0350BF00336A52 /* Model */,
				A411CE4F1F0350BF00336A52 /* View */,
			);
			path = HomeRadio;
			sourceTree = "<group>";
		};
		A411CE4C1F0350BF00336A52 /* Controller */ = {
			isa = PBXGroup;
			children = (
			);
			path = Controller;
			sourceTree = "<group>";
		};
		A411CE4D1F0350BF00336A52 /* DataTool */ = {
			isa = PBXGroup;
			children = (
			);
			path = DataTool;
			sourceTree = "<group>";
		};
		A411CE4E1F0350BF00336A52 /* Model */ = {
			isa = PBXGroup;
			children = (
			);
			path = Model;
			sourceTree = "<group>";
		};
		A411CE4F1F0350BF00336A52 /* View */ = {
			isa = PBXGroup;
			children = (
			);
			path = View;
			sourceTree = "<group>";
		};
		A411CE501F0350BF00336A52 /* HomeRecommend */ = {
			isa = PBXGroup;
			children = (
				A411CE511F0350BF00336A52 /* Controller */,
				A411CE561F0350BF00336A52 /* DataTool */,
				A411CE591F0350BF00336A52 /* Model */,
				A411CE621F0350BF00336A52 /* PublicAPI */,
				A411CE661F0350BF00336A52 /* View */,
			);
			path = HomeRecommend;
			sourceTree = "<group>";
		};
		A411CE511F0350BF00336A52 /* Controller */ = {
			isa = PBXGroup;
			children = (
				A411CE521F0350BF00336A52 /* RecommendMoreTVC.h */,
				A411CE531F0350BF00336A52 /* RecommendMoreTVC.m */,
				A411CE541F0350BF00336A52 /* RecommendTVC.h */,
				A411CE551F0350BF00336A52 /* RecommendTVC.m */,
			);
			path = Controller;
			sourceTree = "<group>";
		};
		A411CE561F0350BF00336A52 /* DataTool */ = {
			isa = PBXGroup;
			children = (
				A411CE571F0350BF00336A52 /* RecommendDataTool.h */,
				A411CE581F0350BF00336A52 /* RecommendDataTool.m */,
			);
			path = DataTool;
			sourceTree = "<group>";
		};
		A411CE591F0350BF00336A52 /* Model */ = {
			isa = PBXGroup;
			children = (
				A411CE5A1F0350BF00336A52 /* GroupModel.h */,
				A411CE5B1F0350BF00336A52 /* GroupModel.m */,
				A411CE5C1F0350BF00336A52 /* ItemInCellModel.h */,
				A411CE5D1F0350BF00336A52 /* ItemInCellModel.m */,
				A411CE5E1F0350BF00336A52 /* NominateEditorModel.h */,
				A411CE5F1F0350BF00336A52 /* NominateEditorModel.m */,
				A411CE601F0350BF00336A52 /* SpecialColumnModel.h */,
				A411CE611F0350BF00336A52 /* SpecialColumnModel.m */,
			);
			path = Model;
			sourceTree = "<group>";
		};
		A411CE621F0350BF00336A52 /* PublicAPI */ = {
			isa = PBXGroup;
			children = (
				A411CE631F0350BF00336A52 /* HomeRecommendAPI.h */,
				A411CE641F0350BF00336A52 /* HomeRecommendAPI.m */,
				A411CE651F0350BF00336A52 /* HomeRecommendDefine.h */,
			);
			path = PublicAPI;
			sourceTree = "<group>";
		};
		A411CE661F0350BF00336A52 /* View */ = {
			isa = PBXGroup;
			children = (
				A411CE671F0350BF00336A52 /* AdPicTextCell.h */,
				A411CE681F0350BF00336A52 /* AdPicTextCell.m */,
				A411CE691F0350BF00336A52 /* AdPicTextCell.xib */,
				A411CE6A1F0350BF00336A52 /* CellInCell.h */,
				A411CE6B1F0350BF00336A52 /* CellInCell.m */,
				A411CE6C1F0350BF00336A52 /* CellInCell.xib */,
				A411CE6D1F0350BF00336A52 /* ItemCell.h */,
				A411CE6E1F0350BF00336A52 /* ItemCell.m */,
				A411CE6F1F0350BF00336A52 /* ItemCell.xib */,
				A411CE701F0350BF00336A52 /* NominateEditorCell.h */,
				A411CE711F0350BF00336A52 /* NominateEditorCell.m */,
				A411CE721F0350BF00336A52 /* NominateEditorCell.xib */,
				A411CE731F0350BF00336A52 /* RecommendCell.h */,
				A411CE741F0350BF00336A52 /* RecommendCell.m */,
				A411CE751F0350BF00336A52 /* RecommendCell.xib */,
				A411CE761F0350BF00336A52 /* SpecialColumnCell.h */,
				A411CE771F0350BF00336A52 /* SpecialColumnCell.m */,
				A411CE781F0350BF00336A52 /* SpecialColumnCell.xib */,
			);
			path = View;
			sourceTree = "<group>";
		};
		A411CEAC1F03528D00336A52 /* DownLoad */ = {
			isa = PBXGroup;
			children = (
				A411CEAD1F03532100336A52 /* FileTool.h */,
				A411CEAE1F03532100336A52 /* FileTool.m */,
				A411CEB01F035BB100336A52 /* DownLoader.h */,
				A411CEB11F035BB100336A52 /* DownLoader.m */,
				A411CEB31F037EDE00336A52 /* DownLoadManager.h */,
				A411CEB41F037EDE00336A52 /* DownLoadManager.m */,
			);
			path = DownLoad;
			sourceTree = "<group>";
		};
		A412D3151EFB52EF00F7B8FD = {
			isa = PBXGroup;
			children = (
				A412D3201EFB52EF00F7B8FD /* HbFM */,
				A412D33A1EFB52EF00F7B8FD /* HbFMTests */,
				A412D3451EFB52F000F7B8FD /* HbFMUITests */,
				A412D31F1EFB52EF00F7B8FD /* Products */,
				A8F3ABD572E29356C64A3855 /* Pods */,
				233192DD5EC5F8A5233B937E /* Frameworks */,
			);
			sourceTree = "<group>";
		};
		A412D31F1EFB52EF00F7B8FD /* Products */ = {
			isa = PBXGroup;
			children = (
				A412D31E1EFB52EF00F7B8FD /* HbFM.app */,
				A412D3371EFB52EF00F7B8FD /* HbFMTests.xctest */,
				A412D3421EFB52F000F7B8FD /* HbFMUITests.xctest */,
			);
			name = Products;
			sourceTree = "<group>";
		};
		A412D3201EFB52EF00F7B8FD /* HbFM */ = {
			isa = PBXGroup;
			children = (
				A412D3541EFB720E00F7B8FD /* Classes */,
				A412D38B1EFBA6B400F7B8FD /* Resources */,
				A412D3241EFB52EF00F7B8FD /* AppDelegate.h */,
				A412D3251EFB52EF00F7B8FD /* AppDelegate.m */,
				A412D3271EFB52EF00F7B8FD /* ViewController.h */,
				A412D3281EFB52EF00F7B8FD /* ViewController.m */,
				A412D32A1EFB52EF00F7B8FD /* Main.storyboard */,
				A412D32D1EFB52EF00F7B8FD /* Assets.xcassets */,
				A412D32F1EFB52EF00F7B8FD /* LaunchScreen.storyboard */,
				A412D3321EFB52EF00F7B8FD /* Info.plist */,
				A412D3211EFB52EF00F7B8FD /* Supporting Files */,
			);
			path = HbFM;
			sourceTree = "<group>";
		};
		A412D3211EFB52EF00F7B8FD /* Supporting Files */ = {
			isa = PBXGroup;
			children = (
				A412D3221EFB52EF00F7B8FD /* main.m */,
				A412D37A1EFBA08A00F7B8FD /* PrefixHeader.pch */,
			);
			name = "Supporting Files";
			sourceTree = "<group>";
		};
		A412D33A1EFB52EF00F7B8FD /* HbFMTests */ = {
			isa = PBXGroup;
			children = (
				A412D33B1EFB52EF00F7B8FD /* HbFMTests.m */,
				A412D33D1EFB52EF00F7B8FD /* Info.plist */,
			);
			path = HbFMTests;
			sourceTree = "<group>";
		};
		A412D3451EFB52F000F7B8FD /* HbFMUITests */ = {
			isa = PBXGroup;
			children = (
				A412D3461EFB52F000F7B8FD /* HbFMUITests.m */,
				A412D3481EFB52F000F7B8FD /* Info.plist */,
			);
			path = HbFMUITests;
			sourceTree = "<group>";
		};
		A412D3541EFB720E00F7B8FD /* Classes */ = {
			isa = PBXGroup;
			children = (
				A411CDEF1F0350BF00336A52 /* Common */,
				A411CE171F0350BF00336A52 /* Home */,
				A412D3841EFBA33400F7B8FD /* Main */,
				A412D3551EFB720E00F7B8FD /* Base */,
			);
			path = Classes;
			sourceTree = "<group>";
		};
		A412D3551EFB720E00F7B8FD /* Base */ = {
			isa = PBXGroup;
			children = (
				A412D3571EFB727D00F7B8FD /* Category */,
				A412D3581EFB727D00F7B8FD /* NetWork */,
				A412D3591EFB727D00F7B8FD /* Tool */,
				A412D3561EFB722700F7B8FD /* Base */,
			);
			path = Base;
			sourceTree = "<group>";
		};
		A412D3561EFB722700F7B8FD /* Base */ = {
			isa = PBXGroup;
			children = (
				A412D35A1EFB745A00F7B8FD /* Base.h */,
				A412D35B1EFB751300F7B8FD /* Sington.h */,
				A412D35C1EFB75C600F7B8FD /* FMConst.h */,
				A412D35D1EFB75C600F7B8FD /* FMConst.m */,
			);
			path = Base;
			sourceTree = "<group>";
		};
		A412D3571EFB727D00F7B8FD /* Category */ = {
			isa = PBXGroup;
			children = (
				A412D35F1EFB77EA00F7B8FD /* CALayer+PauseAimate.h */,
				A412D3601EFB77EA00F7B8FD /* CALayer+PauseAimate.m */,
				A412D3621EFB969800F7B8FD /* NSArray+FMPartition.h */,
				A412D3631EFB969800F7B8FD /* NSArray+FMPartition.m */,
				A412D3651EFB974E00F7B8FD /* NSObject+FMBundle.h */,
				A412D3661EFB974E00F7B8FD /* NSObject+FMBundle.m */,
				A412D3681EFB97B500F7B8FD /* UIImage+FMImage.h */,
				A412D3691EFB97B500F7B8FD /* UIImage+FMImage.m */,
				A412D36B1EFB981A00F7B8FD /* UIView+FMLayout.h */,
				A412D36C1EFB981A00F7B8FD /* UIView+FMLayout.m */,
				A412D36E1EFB986D00F7B8FD /* UIView+FMNib.h */,
				A412D36F1EFB986D00F7B8FD /* UIView+FMNib.m */,
			);
			path = Category;
			sourceTree = "<group>";
		};
		A412D3581EFB727D00F7B8FD /* NetWork */ = {
			isa = PBXGroup;
			children = (
				A412D3711EFB994300F7B8FD /* UIImageView+FMExtension.h */,
				A412D3721EFB994300F7B8FD /* UIImageView+FMExtension.m */,
				A412D3741EFB9D5000F7B8FD /* FMSessionManager.h */,
				A412D3751EFB9D5000F7B8FD /* FMSessionManager.m */,
			);
			path = NetWork;
			sourceTree = "<group>";
		};
		A412D3591EFB727D00F7B8FD /* Tool */ = {
			isa = PBXGroup;
			children = (
				A412D3771EFB9EBA00F7B8FD /* FMAlertTool.h */,
				A412D3781EFB9EBA00F7B8FD /* FMAlertTool.m */,
				A412D37B1EFBA1CB00F7B8FD /* FMCacheTool.h */,
				A412D37C1EFBA1CB00F7B8FD /* FMCacheTool.m */,
				A412D37E1EFBA22400F7B8FD /* FMDeviceMessage.h */,
				A412D37F1EFBA22400F7B8FD /* FMDeviceMessage.m */,
				A412D3811EFBA27A00F7B8FD /* FMNoticeLocal.h */,
				A412D3821EFBA27A00F7B8FD /* FMNoticeLocal.m */,
			);
			path = Tool;
			sourceTree = "<group>";
		};
		A412D3841EFBA33400F7B8FD /* Main */ = {
			isa = PBXGroup;
			children = (
				A412D3A91EFBA76700F7B8FD /* Controller */,
				A412D3AC1EFBA76700F7B8FD /* PublicAPI */,
				A412D3AD1EFBA76700F7B8FD /* View */,
			);
			path = Main;
			sourceTree = "<group>";
		};
		A412D38B1EFBA6B400F7B8FD /* Resources */ = {
			isa = PBXGroup;
			children = (
				A411BD171F00F2F600EF099A /* HomeRecommend */,
				A411BC951F00AB0F00EF099A /* Segment */,
				A412D38C1EFBA6B400F7B8FD /* Main */,
			);
			path = Resources;
			sourceTree = "<group>";
		};
		A412D38C1EFBA6B400F7B8FD /* Main */ = {
			isa = PBXGroup;
			children = (
				A412D38D1EFBA6B400F7B8FD /* header_default@2x.png */,
				A412D38E1EFBA6B400F7B8FD /* tabbar_bg@2x.png */,
				A412D38F1EFBA6B400F7B8FD /* tabbar_bg@3x.png */,
				A412D3901EFBA6B400F7B8FD /* tabbar_np_loop@2x.png */,
				A412D3911EFBA6B400F7B8FD /* tabbar_np_loop@3x.png */,
				A412D3921EFBA6B400F7B8FD /* tabbar_np_normal@2x.png */,
				A412D3931EFBA6B400F7B8FD /* tabbar_np_normal@3x.png */,
				A412D3941EFBA6B400F7B8FD /* tabbar_np_play@2x.png */,
				A412D3951EFBA6B400F7B8FD /* tabbar_np_play@3x.png */,
				A412D3961EFBA6B400F7B8FD /* tabbar_np_playshadow@2x.png */,
				A412D3971EFBA6B400F7B8FD /* tabbar_np_playshadow@3x.png */,
				A412D3981EFBA6B400F7B8FD /* tabbar_np_shadow@2x.png */,
				A412D3991EFBA6B400F7B8FD /* tabbar_np_shadow@3x.png */,
				A412D39A1EFBA6B400F7B8FD /* zxy_icon@2x.jpg */,
			);
			path = Main;
			sourceTree = "<group>";
		};
		A412D3A91EFBA76700F7B8FD /* Controller */ = {
			isa = PBXGroup;
			children = (
				A412D3AA1EFBA76700F7B8FD /* FMNavigationController.h */,
				A412D3AB1EFBA76700F7B8FD /* FMNavigationController.m */,
				A412D3B71EFBA8A600F7B8FD /* FMTabBarController.h */,
				A412D3B81EFBA8A600F7B8FD /* FMTabBarController.m */,
			);
			path = Controller;
			sourceTree = "<group>";
		};
		A412D3AC1EFBA76700F7B8FD /* PublicAPI */ = {
			isa = PBXGroup;
			children = (
				A412D3BD1EFBAC3900F7B8FD /* MainModuleAPI.h */,
				A412D3BE1EFBAC3900F7B8FD /* MainModuleAPI.m */,
			);
			path = PublicAPI;
			sourceTree = "<group>";
		};
		A412D3AD1EFBA76700F7B8FD /* View */ = {
			isa = PBXGroup;
			children = (
				A412D3B21EFBA7A200F7B8FD /* FMMiddleView.h */,
				A412D3B31EFBA7A200F7B8FD /* FMMiddleView.m */,
				A412D3B41EFBA7A200F7B8FD /* FMMiddleView.xib */,
				A412D3AE1EFBA76700F7B8FD /* FMNavBar.h */,
				A412D3AF1EFBA76700F7B8FD /* FMNavBar.m */,
				A412D3BA1EFBA94700F7B8FD /* FMTabBar.h */,
				A412D3BB1EFBA94700F7B8FD /* FMTabBar.m */,
			);
			path = View;
			sourceTree = "<group>";
		};
		A8F3ABD572E29356C64A3855 /* Pods */ = {
			isa = PBXGroup;
			children = (
				20F006F694A83A50D32E4D03 /* Pods-HbFM.debug.xcconfig */,
				C9472ADB904DF73B0058C2B0 /* Pods-HbFM.release.xcconfig */,
			);
			name = Pods;
			sourceTree = "<group>";
		};
/* End PBXGroup section */

/* Begin PBXNativeTarget section */
		A412D31D1EFB52EF00F7B8FD /* HbFM */ = {
			isa = PBXNativeTarget;
			buildConfigurationList = A412D34B1EFB52F000F7B8FD /* Build configuration list for PBXNativeTarget "HbFM" */;
			buildPhases = (
				2BF67FF7A36DFDE64884F069 /* [CP] Check Pods Manifest.lock */,
				A412D31A1EFB52EF00F7B8FD /* Sources */,
				A412D31B1EFB52EF00F7B8FD /* Frameworks */,
				A412D31C1EFB52EF00F7B8FD /* Resources */,
				41097137099BD3F5DF5797FE /* [CP] Embed Pods Frameworks */,
				6FF2C0C903F6A5F5D3D69B0B /* [CP] Copy Pods Resources */,
			);
			buildRules = (
			);
			dependencies = (
			);
			name = HbFM;
			productName = HbFM;
			productReference = A412D31E1EFB52EF00F7B8FD /* HbFM.app */;
			productType = "com.apple.product-type.application";
		};
		A412D3361EFB52EF00F7B8FD /* HbFMTests */ = {
			isa = PBXNativeTarget;
			buildConfigurationList = A412D34E1EFB52F000F7B8FD /* Build configuration list for PBXNativeTarget "HbFMTests" */;
			buildPhases = (
				A412D3331EFB52EF00F7B8FD /* Sources */,
				A412D3341EFB52EF00F7B8FD /* Frameworks */,
				A412D3351EFB52EF00F7B8FD /* Resources */,
			);
			buildRules = (
			);
			dependencies = (
				A412D3391EFB52EF00F7B8FD /* PBXTargetDependency */,
			);
			name = HbFMTests;
			productName = HbFMTests;
			productReference = A412D3371EFB52EF00F7B8FD /* HbFMTests.xctest */;
			productType = "com.apple.product-type.bundle.unit-test";
		};
		A412D3411EFB52F000F7B8FD /* HbFMUITests */ = {
			isa = PBXNativeTarget;
			buildConfigurationList = A412D3511EFB52F000F7B8FD /* Build configuration list for PBXNativeTarget "HbFMUITests" */;
			buildPhases = (
				A412D33E1EFB52F000F7B8FD /* Sources */,
				A412D33F1EFB52F000F7B8FD /* Frameworks */,
				A412D3401EFB52F000F7B8FD /* Resources */,
			);
			buildRules = (
			);
			dependencies = (
				A412D3441EFB52F000F7B8FD /* PBXTargetDependency */,
			);
			name = HbFMUITests;
			productName = HbFMUITests;
			productReference = A412D3421EFB52F000F7B8FD /* HbFMUITests.xctest */;
			productType = "com.apple.product-type.bundle.ui-testing";
		};
/* End PBXNativeTarget section */

/* Begin PBXProject section */
		A412D3161EFB52EF00F7B8FD /* Project object */ = {
			isa = PBXProject;
			attributes = {
				LastUpgradeCheck = 0830;
				ORGANIZATIONNAME = "郝兵";
				TargetAttributes = {
					A412D31D1EFB52EF00F7B8FD = {
						CreatedOnToolsVersion = 8.3.3;
						ProvisioningStyle = Automatic;
					};
					A412D3361EFB52EF00F7B8FD = {
						CreatedOnToolsVersion = 8.3.3;
						ProvisioningStyle = Automatic;
						TestTargetID = A412D31D1EFB52EF00F7B8FD;
					};
					A412D3411EFB52F000F7B8FD = {
						CreatedOnToolsVersion = 8.3.3;
						ProvisioningStyle = Automatic;
						TestTargetID = A412D31D1EFB52EF00F7B8FD;
					};
				};
			};
			buildConfigurationList = A412D3191EFB52EF00F7B8FD /* Build configuration list for PBXProject "HbFM" */;
			compatibilityVersion = "Xcode 3.2";
			developmentRegion = English;
			hasScannedForEncodings = 0;
			knownRegions = (
				en,
				Base,
			);
			mainGroup = A412D3151EFB52EF00F7B8FD;
			productRefGroup = A412D31F1EFB52EF00F7B8FD /* Products */;
			projectDirPath = "";
			projectRoot = "";
			targets = (
				A412D31D1EFB52EF00F7B8FD /* HbFM */,
				A412D3361EFB52EF00F7B8FD /* HbFMTests */,
				A412D3411EFB52F000F7B8FD /* HbFMUITests */,
			);
		};
/* End PBXProject section */

/* Begin PBXResourcesBuildPhase section */
		A412D31C1EFB52EF00F7B8FD /* Resources */ = {
			isa = PBXResourcesBuildPhase;
			buildActionMask = 2147483647;
			files = (
				A411BC9C1F00AB0F00EF099A /* icon_radio_show@2x.png in Resources */,
				A411BD221F00F2F600EF099A /* album_tracks@3x.png in Resources */,
				A411BD241F00F2F600EF099A /* albumtag_pay@3x.png in Resources */,
				A412D3311EFB52EF00F7B8FD /* LaunchScreen.storyboard in Resources */,
				A412D32E1EFB52EF00F7B8FD /* Assets.xcassets in Resources */,
				A412D3A41EFBA6B400F7B8FD /* tabbar_np_playshadow@2x.png in Resources */,
				A411BC9A1F00AB0F00EF099A /* icon_radio_hide@2x.png in Resources */,
				A411BD231F00F2F600EF099A /* albumtag_pay@2x.png in Resources */,
				A411CEA51F0350BF00336A52 /* ItemCell.xib in Resources */,
				A412D3A71EFBA6B400F7B8FD /* tabbar_np_shadow@3x.png in Resources */,
				A412D3A61EFBA6B400F7B8FD /* tabbar_np_shadow@2x.png in Resources */,
				A412D32C1EFB52EF00F7B8FD /* Main.storyboard in Resources */,
				A411BC9B1F00AB0F00EF099A /* icon_radio_hide@3x.png in Resources */,
				A412D39E1EFBA6B400F7B8FD /* tabbar_np_loop@2x.png in Resources */,
				A412D3A81EFBA6B400F7B8FD /* zxy_icon@2x.jpg in Resources */,
				A411BD211F00F2F600EF099A /* album_tracks@2x.png in Resources */,
				A412D3A11EFBA6B400F7B8FD /* tabbar_np_normal@3x.png in Resources */,
				A412D3A21EFBA6B400F7B8FD /* tabbar_np_play@2x.png in Resources */,
				A411BC9D1F00AB0F00EF099A /* icon_radio_show@3x.png in Resources */,
				A411BD261F00F2F600EF099A /* find_specialicon@2x.png in Resources */,
				A412D3A51EFBA6B400F7B8FD /* tabbar_np_playshadow@3x.png in Resources */,
				A412D39C1EFBA6B400F7B8FD /* tabbar_bg@2x.png in Resources */,
				A411BD281F00F2F600EF099A /* liveRadioCellPoint@2x.png in Resources */,
				A411CE971F0350BF00336A52 /* ClassItemCell.xib in Resources */,
				A412D39F1EFBA6B400F7B8FD /* tabbar_np_loop@3x.png in Resources */,
				A411CEAB1F0350BF00336A52 /* SpecialColumnCell.xib in Resources */,
				A411CEA11F0350BF00336A52 /* AdPicTextCell.xib in Resources */,
				A412D39D1EFBA6B400F7B8FD /* tabbar_bg@3x.png in Resources */,
				A411CE841F0350BF00336A52 /* MenueCell.xib in Resources */,
				A412D3B61EFBA7A200F7B8FD /* FMMiddleView.xib in Resources */,
				A411CEA71F0350BF00336A52 /* NominateEditorCell.xib in Resources */,
				A411BD251F00F2F600EF099A /* cell_arrow_all@2x.png in Resources */,
				A411CEA31F0350BF00336A52 /* CellInCell.xib in Resources */,
				A412D3A31EFBA6B400F7B8FD /* tabbar_np_play@3x.png in Resources */,
				A411BD291F00F2F600EF099A /* liveRadioCellPoint@3x.png in Resources */,
				A412D39B1EFBA6B400F7B8FD /* header_default@2x.png in Resources */,
				A412D3A01EFBA6B400F7B8FD /* tabbar_np_normal@2x.png in Resources */,
				A411CEA91F0350BF00336A52 /* RecommendCell.xib in Resources */,
				A411BD271F00F2F600EF099A /* find_specialicon@3x.png in Resources */,
			);
			runOnlyForDeploymentPostprocessing = 0;
		};
		A412D3351EFB52EF00F7B8FD /* Resources */ = {
			isa = PBXResourcesBuildPhase;
			buildActionMask = 2147483647;
			files = (
			);
			runOnlyForDeploymentPostprocessing = 0;
		};
		A412D3401EFB52F000F7B8FD /* Resources */ = {
			isa = PBXResourcesBuildPhase;
			buildActionMask = 2147483647;
			files = (
			);
			runOnlyForDeploymentPostprocessing = 0;
		};
/* End PBXResourcesBuildPhase section */

/* Begin PBXShellScriptBuildPhase section */
		2BF67FF7A36DFDE64884F069 /* [CP] Check Pods Manifest.lock */ = {
			isa = PBXShellScriptBuildPhase;
			buildActionMask = 2147483647;
			files = (
			);
			inputPaths = (
			);
			name = "[CP] Check Pods Manifest.lock";
			outputPaths = (
			);
			runOnlyForDeploymentPostprocessing = 0;
			shellPath = /bin/sh;
			shellScript = "diff \"${PODS_PODFILE_DIR_PATH}/Podfile.lock\" \"${PODS_ROOT}/Manifest.lock\" > /dev/null\nif [ $? != 0 ] ; then\n    # print error to STDERR\n    echo \"error: The sandbox is not in sync with the Podfile.lock. Run 'pod install' or update your CocoaPods installation.\" >&2\n    exit 1\nfi\n";
			showEnvVarsInLog = 0;
		};
		41097137099BD3F5DF5797FE /* [CP] Embed Pods Frameworks */ = {
			isa = PBXShellScriptBuildPhase;
			buildActionMask = 2147483647;
			files = (
			);
			inputPaths = (
			);
			name = "[CP] Embed Pods Frameworks";
			outputPaths = (
			);
			runOnlyForDeploymentPostprocessing = 0;
			shellPath = /bin/sh;
			shellScript = "\"${SRCROOT}/Pods/Target Support Files/Pods-HbFM/Pods-HbFM-frameworks.sh\"\n";
			showEnvVarsInLog = 0;
		};
		6FF2C0C903F6A5F5D3D69B0B /* [CP] Copy Pods Resources */ = {
			isa = PBXShellScriptBuildPhase;
			buildActionMask = 2147483647;
			files = (
			);
			inputPaths = (
			);
			name = "[CP] Copy Pods Resources";
			outputPaths = (
			);
			runOnlyForDeploymentPostprocessing = 0;
			shellPath = /bin/sh;
			shellScript = "\"${SRCROOT}/Pods/Target Support Files/Pods-HbFM/Pods-HbFM-resources.sh\"\n";
			showEnvVarsInLog = 0;
		};
/* End PBXShellScriptBuildPhase section */

/* Begin PBXSourcesBuildPhase section */
		A412D31A1EFB52EF00F7B8FD /* Sources */ = {
			isa = PBXSourcesBuildPhase;
			buildActionMask = 2147483647;
			files = (
				A411CE7D1F0350BF00336A52 /* LiveModel.m in Sources */,
				A411CE8C1F0350BF00336A52 /* HomeModuleAPI.m in Sources */,
				A411CE891F0350BF00336A52 /* HomeVC.m in Sources */,
				A412D3291EFB52EF00F7B8FD /* ViewController.m in Sources */,
				A411CEA81F0350BF00336A52 /* RecommendCell.m in Sources */,
				A412D3261EFB52EF00F7B8FD /* AppDelegate.m in Sources */,
				A412D3641EFB969800F7B8FD /* NSArray+FMPartition.m in Sources */,
				A412D3761EFB9D5000F7B8FD /* FMSessionManager.m in Sources */,
				A411CE931F0350BF00336A52 /* ClassificationTVC.m in Sources */,
				A412D3731EFB994300F7B8FD /* UIImageView+FMExtension.m in Sources */,
				A411CE831F0350BF00336A52 /* MenueCell.m in Sources */,
				A411CE941F0350BF00336A52 /* ClassificationDataTool.m in Sources */,
				A411CE8A1F0350BF00336A52 /* HomeDataTool.m in Sources */,
				A411CEAF1F03532100336A52 /* FileTool.m in Sources */,
				A411CE791F0350BF00336A52 /* AdPicView.m in Sources */,
				A411CEA61F0350BF00336A52 /* NominateEditorCell.m in Sources */,
				A411CEAA1F0350BF00336A52 /* SpecialColumnCell.m in Sources */,
				A412D3701EFB986D00F7B8FD /* UIView+FMNib.m in Sources */,
				A412D35E1EFB75C600F7B8FD /* FMConst.m in Sources */,
				A411CE8D1F0350BF00336A52 /* FJRTableBlankSectionViewContext.m in Sources */,
				A411CE8E1F0350BF00336A52 /* FJRTableRow.m in Sources */,
				A412D3801EFBA22400F7B8FD /* FMDeviceMessage.m in Sources */,
				A411CE9F1F0350BF00336A52 /* HomeRecommendAPI.m in Sources */,
				A411CE911F0350BF00336A52 /* FJRTableViewManager.m in Sources */,
				A411CE991F0350BF00336A52 /* RecommendTVC.m in Sources */,
				A411CE871F0350BF00336A52 /* SegmentConfig.m in Sources */,
				A411CE921F0350BF00336A52 /* UITableView+FJRTableViewManager.m in Sources */,
				A411CE7E1F0350BF00336A52 /* MenueModel.m in Sources */,
				A411CE7A1F0350BF00336A52 /* AdPicModel.m in Sources */,
				A411CE861F0350BF00336A52 /* SegmentBar.m in Sources */,
				A412D3B01EFBA76700F7B8FD /* FMNavigationController.m in Sources */,
				A411CE9B1F0350BF00336A52 /* GroupModel.m in Sources */,
				A411CE811F0350BF00336A52 /* UpDownBtn.m in Sources */,
				A412D3231EFB52EF00F7B8FD /* main.m in Sources */,
				A412D3671EFB974E00F7B8FD /* NSObject+FMBundle.m in Sources */,
				A411CE851F0350BF00336A52 /* NSString+SegmentModelProtocol.m in Sources */,
				A411CE9E1F0350BF00336A52 /* SpecialColumnModel.m in Sources */,
				A411CE7B1F0350BF00336A52 /* ClassItemModel.m in Sources */,
				A411CE821F0350BF00336A52 /* MenueBarShowDetailCVC.m in Sources */,
				A411CE951F0350BF00336A52 /* ClassCellBtn.m in Sources */,
				A411CEA01F0350BF00336A52 /* AdPicTextCell.m in Sources */,
				A411CE881F0350BF00336A52 /* SegmentRightLeftBtn.m in Sources */,
				A411CE9D1F0350BF00336A52 /* NominateEditorModel.m in Sources */,
				A411CE9C1F0350BF00336A52 /* ItemInCellModel.m in Sources */,
				A412D3BF1EFBAC3900F7B8FD /* MainModuleAPI.m in Sources */,
				A411CEA21F0350BF00336A52 /* CellInCell.m in Sources */,
				A411CEA41F0350BF00336A52 /* ItemCell.m in Sources */,
				A411CE961F0350BF00336A52 /* ClassItemCell.m in Sources */,
				A412D3BC1EFBA94700F7B8FD /* FMTabBar.m in Sources */,
				A412D3831EFBA27A00F7B8FD /* FMNoticeLocal.m in Sources */,
				A412D3B51EFBA7A200F7B8FD /* FMMiddleView.m in Sources */,
				A412D37D1EFBA1CB00F7B8FD /* FMCacheTool.m in Sources */,
				A411CE801F0350BF00336A52 /* MenueView.m in Sources */,
				A412D3B91EFBA8A600F7B8FD /* FMTabBarController.m in Sources */,
				A412D3791EFB9EBA00F7B8FD /* FMAlertTool.m in Sources */,
				A412D36A1EFB97B500F7B8FD /* UIImage+FMImage.m in Sources */,
				A411CE8B1F0350BF00336A52 /* HomeTabModel.m in Sources */,
				A412D3611EFB77EA00F7B8FD /* CALayer+PauseAimate.m in Sources */,
				A411CE901F0350BF00336A52 /* FJRTableStaticCellContext.m in Sources */,
				A411CE8F1F0350BF00336A52 /* FJRTableSection.m in Sources */,
				A412D3B11EFBA76700F7B8FD /* FMNavBar.m in Sources */,
				A411CE7C1F0350BF00336A52 /* FocusImageModel.m in Sources */,
				A411CE9A1F0350BF00336A52 /* RecommendDataTool.m in Sources */,
				A411CE7F1F0350BF00336A52 /* TuiguangModel.m in Sources */,
				A411CEB21F035BB100336A52 /* DownLoader.m in Sources */,
				A412D36D1EFB981A00F7B8FD /* UIView+FMLayout.m in Sources */,
				A411CE981F0350BF00336A52 /* RecommendMoreTVC.m in Sources */,
				A411CEB51F037EDE00336A52 /* DownLoadManager.m in Sources */,
			);
			runOnlyForDeploymentPostprocessing = 0;
		};
		A412D3331EFB52EF00F7B8FD /* Sources */ = {
			isa = PBXSourcesBuildPhase;
			buildActionMask = 2147483647;
			files = (
				A412D33C1EFB52EF00F7B8FD /* HbFMTests.m in Sources */,
			);
			runOnlyForDeploymentPostprocessing = 0;
		};
		A412D33E1EFB52F000F7B8FD /* Sources */ = {
			isa = PBXSourcesBuildPhase;
			buildActionMask = 2147483647;
			files = (
				A412D3471EFB52F000F7B8FD /* HbFMUITests.m in Sources */,
			);
			runOnlyForDeploymentPostprocessing = 0;
		};
/* End PBXSourcesBuildPhase section */

/* Begin PBXTargetDependency section */
		A412D3391EFB52EF00F7B8FD /* PBXTargetDependency */ = {
			isa = PBXTargetDependency;
			target = A412D31D1EFB52EF00F7B8FD /* HbFM */;
			targetProxy = A412D3381EFB52EF00F7B8FD /* PBXContainerItemProxy */;
		};
		A412D3441EFB52F000F7B8FD /* PBXTargetDependency */ = {
			isa = PBXTargetDependency;
			target = A412D31D1EFB52EF00F7B8FD /* HbFM */;
			targetProxy = A412D3431EFB52F000F7B8FD /* PBXContainerItemProxy */;
		};
/* End PBXTargetDependency section */

/* Begin PBXVariantGroup section */
		A412D32A1EFB52EF00F7B8FD /* Main.storyboard */ = {
			isa = PBXVariantGroup;
			children = (
				A412D32B1EFB52EF00F7B8FD /* Base */,
			);
			name = Main.storyboard;
			sourceTree = "<group>";
		};
		A412D32F1EFB52EF00F7B8FD /* LaunchScreen.storyboard */ = {
			isa = PBXVariantGroup;
			children = (
				A412D3301EFB52EF00F7B8FD /* Base */,
			);
			name = LaunchScreen.storyboard;
			sourceTree = "<group>";
		};
/* End PBXVariantGroup section */

/* Begin XCBuildConfiguration section */
		A412D3491EFB52F000F7B8FD /* Debug */ = {
			isa = XCBuildConfiguration;
			buildSettings = {
				ALWAYS_SEARCH_USER_PATHS = NO;
				CLANG_ANALYZER_NONNULL = YES;
				CLANG_ANALYZER_NUMBER_OBJECT_CONVERSION = YES_AGGRESSIVE;
				CLANG_CXX_LANGUAGE_STANDARD = "gnu++0x";
				CLANG_CXX_LIBRARY = "libc++";
				CLANG_ENABLE_MODULES = YES;
				CLANG_ENABLE_OBJC_ARC = YES;
				CLANG_WARN_BOOL_CONVERSION = YES;
				CLANG_WARN_CONSTANT_CONVERSION = YES;
				CLANG_WARN_DIRECT_OBJC_ISA_USAGE = YES_ERROR;
				CLANG_WARN_DOCUMENTATION_COMMENTS = YES;
				CLANG_WARN_EMPTY_BODY = YES;
				CLANG_WARN_ENUM_CONVERSION = YES;
				CLANG_WARN_INFINITE_RECURSION = YES;
				CLANG_WARN_INT_CONVERSION = YES;
				CLANG_WARN_OBJC_ROOT_CLASS = YES_ERROR;
				CLANG_WARN_SUSPICIOUS_MOVE = YES;
				CLANG_WARN_UNREACHABLE_CODE = YES;
				CLANG_WARN__DUPLICATE_METHOD_MATCH = YES;
				"CODE_SIGN_IDENTITY[sdk=iphoneos*]" = "iPhone Developer";
				COPY_PHASE_STRIP = NO;
				DEBUG_INFORMATION_FORMAT = dwarf;
				ENABLE_STRICT_OBJC_MSGSEND = YES;
				ENABLE_TESTABILITY = YES;
				GCC_C_LANGUAGE_STANDARD = gnu99;
				GCC_DYNAMIC_NO_PIC = NO;
				GCC_NO_COMMON_BLOCKS = YES;
				GCC_OPTIMIZATION_LEVEL = 0;
				GCC_PREPROCESSOR_DEFINITIONS = (
					"DEBUG=1",
					"$(inherited)",
				);
				GCC_WARN_64_TO_32_BIT_CONVERSION = YES;
				GCC_WARN_ABOUT_RETURN_TYPE = YES_ERROR;
				GCC_WARN_UNDECLARED_SELECTOR = YES;
				GCC_WARN_UNINITIALIZED_AUTOS = YES_AGGRESSIVE;
				GCC_WARN_UNUSED_FUNCTION = YES;
				GCC_WARN_UNUSED_VARIABLE = YES;
				IPHONEOS_DEPLOYMENT_TARGET = 10.3;
				MTL_ENABLE_DEBUG_INFO = YES;
				ONLY_ACTIVE_ARCH = YES;
				SDKROOT = iphoneos;
			};
			name = Debug;
		};
		A412D34A1EFB52F000F7B8FD /* Release */ = {
			isa = XCBuildConfiguration;
			buildSettings = {
				ALWAYS_SEARCH_USER_PATHS = NO;
				CLANG_ANALYZER_NONNULL = YES;
				CLANG_ANALYZER_NUMBER_OBJECT_CONVERSION = YES_AGGRESSIVE;
				CLANG_CXX_LANGUAGE_STANDARD = "gnu++0x";
				CLANG_CXX_LIBRARY = "libc++";
				CLANG_ENABLE_MODULES = YES;
				CLANG_ENABLE_OBJC_ARC = YES;
				CLANG_WARN_BOOL_CONVERSION = YES;
				CLANG_WARN_CONSTANT_CONVERSION = YES;
				CLANG_WARN_DIRECT_OBJC_ISA_USAGE = YES_ERROR;
				CLANG_WARN_DOCUMENTATION_COMMENTS = YES;
				CLANG_WARN_EMPTY_BODY = YES;
				CLANG_WARN_ENUM_CONVERSION = YES;
				CLANG_WARN_INFINITE_RECURSION = YES;
				CLANG_WARN_INT_CONVERSION = YES;
				CLANG_WARN_OBJC_ROOT_CLASS = YES_ERROR;
				CLANG_WARN_SUSPICIOUS_MOVE = YES;
				CLANG_WARN_UNREACHABLE_CODE = YES;
				CLANG_WARN__DUPLICATE_METHOD_MATCH = YES;
				"CODE_SIGN_IDENTITY[sdk=iphoneos*]" = "iPhone Developer";
				COPY_PHASE_STRIP = NO;
				DEBUG_INFORMATION_FORMAT = "dwarf-with-dsym";
				ENABLE_NS_ASSERTIONS = NO;
				ENABLE_STRICT_OBJC_MSGSEND = YES;
				GCC_C_LANGUAGE_STANDARD = gnu99;
				GCC_NO_COMMON_BLOCKS = YES;
				GCC_WARN_64_TO_32_BIT_CONVERSION = YES;
				GCC_WARN_ABOUT_RETURN_TYPE = YES_ERROR;
				GCC_WARN_UNDECLARED_SELECTOR = YES;
				GCC_WARN_UNINITIALIZED_AUTOS = YES_AGGRESSIVE;
				GCC_WARN_UNUSED_FUNCTION = YES;
				GCC_WARN_UNUSED_VARIABLE = YES;
				IPHONEOS_DEPLOYMENT_TARGET = 10.3;
				MTL_ENABLE_DEBUG_INFO = NO;
				SDKROOT = iphoneos;
				VALIDATE_PRODUCT = YES;
			};
			name = Release;
		};
		A412D34C1EFB52F000F7B8FD /* Debug */ = {
			isa = XCBuildConfiguration;
			baseConfigurationReference = 20F006F694A83A50D32E4D03 /* Pods-HbFM.debug.xcconfig */;
			buildSettings = {
				ASSETCATALOG_COMPILER_APPICON_NAME = AppIcon;
				ASSETCATALOG_COMPILER_LAUNCHIMAGE_NAME = LaunchImage;
				DEVELOPMENT_TEAM = "";
				GCC_PREFIX_HEADER = "$(SRCROOT)/HbFM/PrefixHeader.pch";
				INFOPLIST_FILE = HbFM/Info.plist;
				IPHONEOS_DEPLOYMENT_TARGET = 8.0;
				LD_RUNPATH_SEARCH_PATHS = "$(inherited) @executable_path/Frameworks";
				PRODUCT_BUNDLE_IDENTIFIER = com.haobing.HbFM;
				PRODUCT_NAME = "$(TARGET_NAME)";
			};
			name = Debug;
		};
		A412D34D1EFB52F000F7B8FD /* Release */ = {
			isa = XCBuildConfiguration;
			baseConfigurationReference = C9472ADB904DF73B0058C2B0 /* Pods-HbFM.release.xcconfig */;
			buildSettings = {
				ASSETCATALOG_COMPILER_APPICON_NAME = AppIcon;
				ASSETCATALOG_COMPILER_LAUNCHIMAGE_NAME = LaunchImage;
				DEVELOPMENT_TEAM = "";
				GCC_PREFIX_HEADER = "$(SRCROOT)/HbFM/PrefixHeader.pch";
				INFOPLIST_FILE = HbFM/Info.plist;
				IPHONEOS_DEPLOYMENT_TARGET = 8.0;
				LD_RUNPATH_SEARCH_PATHS = "$(inherited) @executable_path/Frameworks";
				PRODUCT_BUNDLE_IDENTIFIER = com.haobing.HbFM;
				PRODUCT_NAME = "$(TARGET_NAME)";
			};
			name = Release;
		};
		A412D34F1EFB52F000F7B8FD /* Debug */ = {
			isa = XCBuildConfiguration;
			buildSettings = {
				BUNDLE_LOADER = "$(TEST_HOST)";
				INFOPLIST_FILE = HbFMTests/Info.plist;
				LD_RUNPATH_SEARCH_PATHS = "$(inherited) @executable_path/Frameworks @loader_path/Frameworks";
				PRODUCT_BUNDLE_IDENTIFIER = com.haobing.HbFMTests;
				PRODUCT_NAME = "$(TARGET_NAME)";
				TEST_HOST = "$(BUILT_PRODUCTS_DIR)/HbFM.app/HbFM";
			};
			name = Debug;
		};
		A412D3501EFB52F000F7B8FD /* Release */ = {
			isa = XCBuildConfiguration;
			buildSettings = {
				BUNDLE_LOADER = "$(TEST_HOST)";
				INFOPLIST_FILE = HbFMTests/Info.plist;
				LD_RUNPATH_SEARCH_PATHS = "$(inherited) @executable_path/Frameworks @loader_path/Frameworks";
				PRODUCT_BUNDLE_IDENTIFIER = com.haobing.HbFMTests;
				PRODUCT_NAME = "$(TARGET_NAME)";
				TEST_HOST = "$(BUILT_PRODUCTS_DIR)/HbFM.app/HbFM";
			};
			name = Release;
		};
		A412D3521EFB52F000F7B8FD /* Debug */ = {
			isa = XCBuildConfiguration;
			buildSettings = {
				INFOPLIST_FILE = HbFMUITests/Info.plist;
				LD_RUNPATH_SEARCH_PATHS = "$(inherited) @executable_path/Frameworks @loader_path/Frameworks";
				PRODUCT_BUNDLE_IDENTIFIER = com.haobing.HbFMUITests;
				PRODUCT_NAME = "$(TARGET_NAME)";
				TEST_TARGET_NAME = HbFM;
			};
			name = Debug;
		};
		A412D3531EFB52F000F7B8FD /* Release */ = {
			isa = XCBuildConfiguration;
			buildSettings = {
				INFOPLIST_FILE = HbFMUITests/Info.plist;
				LD_RUNPATH_SEARCH_PATHS = "$(inherited) @executable_path/Frameworks @loader_path/Frameworks";
				PRODUCT_BUNDLE_IDENTIFIER = com.haobing.HbFMUITests;
				PRODUCT_NAME = "$(TARGET_NAME)";
				TEST_TARGET_NAME = HbFM;
			};
			name = Release;
		};
/* End XCBuildConfiguration section */

/* Begin XCConfigurationList section */
		A412D3191EFB52EF00F7B8FD /* Build configuration list for PBXProject "HbFM" */ = {
			isa = XCConfigurationList;
			buildConfigurations = (
				A412D3491EFB52F000F7B8FD /* Debug */,
				A412D34A1EFB52F000F7B8FD /* Release */,
			);
			defaultConfigurationIsVisible = 0;
			defaultConfigurationName = Release;
		};
		A412D34B1EFB52F000F7B8FD /* Build configuration list for PBXNativeTarget "HbFM" */ = {
			isa = XCConfigurationList;
			buildConfigurations = (
				A412D34C1EFB52F000F7B8FD /* Debug */,
				A412D34D1EFB52F000F7B8FD /* Release */,
			);
			defaultConfigurationIsVisible = 0;
			defaultConfigurationName = Release;
		};
		A412D34E1EFB52F000F7B8FD /* Build configuration list for PBXNativeTarget "HbFMTests" */ = {
			isa = XCConfigurationList;
			buildConfigurations = (
				A412D34F1EFB52F000F7B8FD /* Debug */,
				A412D3501EFB52F000F7B8FD /* Release */,
			);
			defaultConfigurationIsVisible = 0;
			defaultConfigurationName = Release;
		};
		A412D3511EFB52F000F7B8FD /* Build configuration list for PBXNativeTarget "HbFMUITests" */ = {
			isa = XCConfigurationList;
			buildConfigurations = (
				A412D3521EFB52F000F7B8FD /* Debug */,
				A412D3531EFB52F000F7B8FD /* Release */,
			);
			defaultConfigurationIsVisible = 0;
			defaultConfigurationName = Release;
		};
/* End XCConfigurationList section */
	};
	rootObject = A412D3161EFB52EF00F7B8FD /* Project object */;
}
